<?xml version="1.0" encoding="utf-8"?>
<Project ToolsVersion="4.0" xmlns="http://schemas.microsoft.com/developer/msbuild/2003">
  <ItemGroup>
    <Filter Include="Kernel">
      <UniqueIdentifier>{a9606668-a77b-4cb6-ba3a-022281ed1bc3}</UniqueIdentifier>
    </Filter>
    <Filter Include="Headers">
      <UniqueIdentifier>{36c5b6fe-4ed5-4cf9-85ee-bb21d63518b1}</UniqueIdentifier>
    </Filter>
    <Filter Include="Skinning">
      <UniqueIdentifier>{e7cdc236-19c9-47d2-b980-e71c038b28dd}</UniqueIdentifier>
    </Filter>
    <Filter Include="Resources">
      <UniqueIdentifier>{25daf9e2-e3fb-4074-a95b-30e4e95c4563}</UniqueIdentifier>
    </Filter>
    <Filter Include="TTAPI">
      <UniqueIdentifier>{d63a48f2-4c0d-44ae-a772-909cad326b0c}</UniqueIdentifier>
    </Filter>
    <Filter Include="PLC">
      <UniqueIdentifier>{bc63d27d-302b-4f45-b828-f4e53d9cf756}</UniqueIdentifier>
    </Filter>
  </ItemGroup>
  <ItemGroup>
    <ClCompile Include="StdAfx.cpp">
      <Filter>Kernel</Filter>
    </ClCompile>
    <ClCompile Include="xrCPU_Pipe.cpp">
      <Filter>Kernel</Filter>
    </ClCompile>
    <ClCompile Include="xrSkin2W.cpp">
      <Filter>Skinning</Filter>
    </ClCompile>
    <ClCompile Include="xrSkin2W_SSE.cpp">
      <Filter>Skinning</Filter>
    </ClCompile>
    <ClCompile Include="xrSkin2W_thread.cpp">
      <Filter>Skinning</Filter>
    </ClCompile>
    <ClCompile Include="ttapi.cpp">
      <Filter>TTAPI</Filter>
    </ClCompile>
    <ClCompile Include="PLC.cpp">
      <Filter>PLC</Filter>
    </ClCompile>
  </ItemGroup>
  <ItemGroup>
    <ClInclude Include="StdAfx.h">
      <Filter>Headers</Filter>
    </ClInclude>
    <ClInclude Include="xrCPU_Pipe.h">
      <Filter>Headers</Filter>
    </ClInclude>
    <ClInclude Include="resource.h">
      <Filter>Resources</Filter>
    </ClInclude>
    <ClInclude Include="ttapi.h">
      <Filter>TTAPI</Filter>
    </ClInclude>
  </ItemGroup>
  <ItemGroup>
    <ResourceCompile Include="xrCPU_Pipe.rc">
      <Filter>Resources</Filter>
    </ResourceCompile>
  </ItemGroup>
</Project>