<?xml version="1.0" encoding="utf-8"?>
<Project ToolsVersion="4.0" xmlns="http://schemas.microsoft.com/developer/msbuild/2003">
  <ItemGroup>
    <Filter Include="Kernel">
      <UniqueIdentifier>{a4cec5b1-9752-44a5-96b8-3f949b4f001d}</UniqueIdentifier>
    </Filter>
    <Filter Include="Shared Files">
      <UniqueIdentifier>{a3818191-f0bc-4c84-b4cd-bea96a97df59}</UniqueIdentifier>
    </Filter>
    <Filter Include="Shared Files\Engine">
      <UniqueIdentifier>{06999a7f-a64f-4fde-9195-fa2f108b0b32}</UniqueIdentifier>
    </Filter>
    <Filter Include="Shared Files\Editor">
      <UniqueIdentifier>{1ebbde6d-1ece-46a9-bc73-80df5ac28013}</UniqueIdentifier>
    </Filter>
    <Filter Include="Shared Files\Plugins">
      <UniqueIdentifier>{acb9160a-467a-48c9-a695-c573f22cb9f3}</UniqueIdentifier>
    </Filter>
    <Filter Include="Shader">
      <UniqueIdentifier>{48a2d201-1286-4963-8291-ec834c0b0b7a}</UniqueIdentifier>
    </Filter>
  </ItemGroup>
  <ItemGroup>
    <ClCompile Include="Material\stdafx.cpp">
      <Filter>Kernel</Filter>
    </ClCompile>
    <ClCompile Include="..\Shared\GameMtlLib.cpp">
      <Filter>Shared Files\Engine</Filter>
    </ClCompile>
    <ClCompile Include="..\Shared\ELog.cpp">
      <Filter>Shared Files\Editor</Filter>
    </ClCompile>
    <ClCompile Include="..\Shared\BlenderListLoader.cpp">
      <Filter>Shared Files\Plugins</Filter>
    </ClCompile>
    <ClCompile Include="Material\crc16.cpp">
      <Filter>Shader</Filter>
    </ClCompile>
    <ClCompile Include="Material\lambertShader.cpp">
      <Filter>Shader</Filter>
    </ClCompile>
  </ItemGroup>
  <ItemGroup>
    <ClInclude Include="..\Shared\GameMtlLib.h">
      <Filter>Shared Files\Engine</Filter>
    </ClInclude>
    <ClInclude Include="..\Shared\ELog.h">
      <Filter>Shared Files\Editor</Filter>
    </ClInclude>
    <ClInclude Include="..\Shared\BlenderListLoader.h">
      <Filter>Shared Files\Plugins</Filter>
    </ClInclude>
  </ItemGroup>
  <ItemGroup>
    <None Include="Material\AElambertShaderTemplate.mel">
      <Filter>Shader</Filter>
    </None>
    <None Include="Material\AEXRayMtlTemplate.mel">
      <Filter>Shader</Filter>
    </None>
  </ItemGroup>
  <ItemGroup>
    <CustomBuild Include="Material\Stdafx.h">
      <Filter>Kernel</Filter>
    </CustomBuild>
  </ItemGroup>
</Project>