<?xml version="1.0" encoding="utf-8"?>
<Project ToolsVersion="4.0" xmlns="http://schemas.microsoft.com/developer/msbuild/2003">
  <ItemGroup>
    <Filter Include="kernel">
      <UniqueIdentifier>{36c5e49a-a7f8-40ea-96d8-3e1a41d31416}</UniqueIdentifier>
    </Filter>
    <Filter Include="interface">
      <UniqueIdentifier>{4f6f9183-95d8-4124-bed1-8cb6ecb9dcc4}</UniqueIdentifier>
    </Filter>
    <Filter Include="interface\shell">
      <UniqueIdentifier>{12450b7e-d21e-46f7-967d-f108a7956692}</UniqueIdentifier>
    </Filter>
    <Filter Include="interface\character_movement">
      <UniqueIdentifier>{00762d72-1837-439e-8de5-0974a574def0}</UniqueIdentifier>
    </Filter>
    <Filter Include="interface\world">
      <UniqueIdentifier>{aa186006-0dca-4ee6-aee4-89739cc2c36f}</UniqueIdentifier>
    </Filter>
    <Filter Include="physics">
      <UniqueIdentifier>{962709ba-fc81-4e06-9424-0c5859331982}</UniqueIdentifier>
    </Filter>
    <Filter Include="physics\colliders">
      <UniqueIdentifier>{1b35a87a-a8f6-43c2-9801-6e022b8cda1d}</UniqueIdentifier>
    </Filter>
    <Filter Include="physics\colliders\tri">
      <UniqueIdentifier>{d7f44350-a0c2-434c-8f50-f6d17b999f01}</UniqueIdentifier>
    </Filter>
    <Filter Include="physics\colliders\cyl">
      <UniqueIdentifier>{a7b8c39b-0ff8-4cff-beea-f9490a254f2f}</UniqueIdentifier>
    </Filter>
    <Filter Include="physics\colliders\RayMotions">
      <UniqueIdentifier>{7991c0fd-5226-4183-abad-bfe0bb576352}</UniqueIdentifier>
    </Filter>
    <Filter Include="physics\ActivationBox">
      <UniqueIdentifier>{1abd42ba-8a73-4013-b6a0-aa1372cebd82}</UniqueIdentifier>
    </Filter>
    <Filter Include="physics\Base">
      <UniqueIdentifier>{846a2d45-9391-4d0b-9051-feeedee551c8}</UniqueIdentifier>
    </Filter>
    <Filter Include="physics\Base\Objects">
      <UniqueIdentifier>{09fd18d9-021c-4fa7-85cb-97d2dfcba7fe}</UniqueIdentifier>
    </Filter>
    <Filter Include="physics\Base\Objects\Utils">
      <UniqueIdentifier>{a2c678b6-b0f6-4af8-810e-ed67cdf4aa9a}</UniqueIdentifier>
    </Filter>
    <Filter Include="physics\Base\Objects\Utils\Interpolation">
      <UniqueIdentifier>{69033fb9-ccdd-44ef-83e5-341bd752c7a4}</UniqueIdentifier>
    </Filter>
    <Filter Include="physics\Base\Objects\Utils\Storage">
      <UniqueIdentifier>{088a1691-055f-4ddf-9215-d7ef4ccd5929}</UniqueIdentifier>
    </Filter>
    <Filter Include="physics\Base\Objects\Utils\Math">
      <UniqueIdentifier>{6153e8de-0245-4504-bfd8-c2b73b698e12}</UniqueIdentifier>
    </Filter>
    <Filter Include="physics\Base\Objects\BodyEffectors">
      <UniqueIdentifier>{99b5de7a-98b4-4dc6-b177-8bc5fbd0ccba}</UniqueIdentifier>
    </Filter>
    <Filter Include="physics\Base\Objects\PHNet">
      <UniqueIdentifier>{dcc166ca-fc60-4643-9764-7d4cb532c1ba}</UniqueIdentifier>
    </Filter>
    <Filter Include="physics\Base\Objects\MoveStorage">
      <UniqueIdentifier>{00a4691f-0371-4daf-9259-ae1f63e1b6f0}</UniqueIdentifier>
    </Filter>
    <Filter Include="physics\Base\Objects\Disabling">
      <UniqueIdentifier>{1ce1e2d5-3480-4318-a14b-42574bb2f5d8}</UniqueIdentifier>
    </Filter>
    <Filter Include="physics\Base\Objects\PhyMove">
      <UniqueIdentifier>{8c5a5704-e294-49f1-919d-68a58b2c0366}</UniqueIdentifier>
    </Filter>
    <Filter Include="physics\Base\Objects\PhyMove\ActorCaracter">
      <UniqueIdentifier>{469e0459-46fc-4c29-aad0-04b1deca63c4}</UniqueIdentifier>
    </Filter>
    <Filter Include="physics\Base\Objects\PhyMove\AICharacter">
      <UniqueIdentifier>{0646076c-bbfc-4f41-b4a4-38ca6ccda055}</UniqueIdentifier>
    </Filter>
    <Filter Include="physics\Base\Objects\PhyMove\Capture">
      <UniqueIdentifier>{4e70cc3b-f539-483e-a29a-be74f56f0d50}</UniqueIdentifier>
    </Filter>
    <Filter Include="physics\Base\Objects\PhyMove\SipmpleCharacter">
      <UniqueIdentifier>{48afec39-8a6e-4998-ab97-f5dfdc3d0e5d}</UniqueIdentifier>
    </Filter>
    <Filter Include="physics\Base\Objects\PhyMove\BaseCharacter">
      <UniqueIdentifier>{d31c4a59-ac60-42f4-8c80-f7353388d925}</UniqueIdentifier>
    </Filter>
    <Filter Include="physics\Base\Objects\BaseShell">
      <UniqueIdentifier>{f3b027e1-a83d-4bf1-b2a4-c4095c3f4381}</UniqueIdentifier>
    </Filter>
    <Filter Include="physics\Base\Objects\BaseShell\PhysicsShellAnimator">
      <UniqueIdentifier>{5c327842-dddb-422e-a57a-22c704a0fe6d}</UniqueIdentifier>
    </Filter>
    <Filter Include="physics\Base\Objects\Element">
      <UniqueIdentifier>{7475b9df-0ad6-4b23-9ad5-41539db632ed}</UniqueIdentifier>
    </Filter>
    <Filter Include="physics\Base\Objects\Element\Geom">
      <UniqueIdentifier>{8f66c315-9dc2-4583-b645-3b450aede4a6}</UniqueIdentifier>
    </Filter>
    <Filter Include="physics\Base\Objects\Joint">
      <UniqueIdentifier>{b3e23ff8-b8aa-4ec3-93a0-89a4f4bbd562}</UniqueIdentifier>
    </Filter>
    <Filter Include="physics\Base\Objects\Shell">
      <UniqueIdentifier>{3790aeff-d912-4483-af64-65f460ddde7e}</UniqueIdentifier>
    </Filter>
    <Filter Include="physics\Base\Objects\Breakable">
      <UniqueIdentifier>{dd597062-8265-4e13-98e6-663fa42ea707}</UniqueIdentifier>
    </Filter>
    <Filter Include="physics\Base\Objects\SplitedShell">
      <UniqueIdentifier>{15020810-e118-4120-827b-978b100e68c6}</UniqueIdentifier>
    </Filter>
    <Filter Include="physics\Base\Objects\PHObject">
      <UniqueIdentifier>{3370b07d-0a07-485a-9d46-3b12f54c7523}</UniqueIdentifier>
    </Filter>
    <Filter Include="physics\Base\Objects\PHIsland">
      <UniqueIdentifier>{86f3b426-63e9-4acf-8a2e-2745f7da8df2}</UniqueIdentifier>
    </Filter>
    <Filter Include="physics\Base\Objects\World">
      <UniqueIdentifier>{ee39ca56-7298-4d64-9030-f51c97d36d98}</UniqueIdentifier>
    </Filter>
    <Filter Include="physics\Base\Objects\CollideValidator">
      <UniqueIdentifier>{5d22ce6c-8dbc-4e63-887b-859781157373}</UniqueIdentifier>
    </Filter>
    <Filter Include="physics\Base\Objects\StaticShell">
      <UniqueIdentifier>{94f8c9a0-ee8a-4c6a-a50d-0576907ed968}</UniqueIdentifier>
    </Filter>
    <Filter Include="physics\Base\Objects\script">
      <UniqueIdentifier>{6a1c8fe7-1121-4499-ab8c-76d0da52decb}</UniqueIdentifier>
    </Filter>
    <Filter Include="physics\Base\Impact">
      <UniqueIdentifier>{f48c9a9d-57da-49e6-8776-ca00f0559b7f}</UniqueIdentifier>
    </Filter>
    <Filter Include="physics\Base\Debug">
      <UniqueIdentifier>{88780311-dd4d-429b-87a5-dca8659265db}</UniqueIdentifier>
    </Filter>
    <Filter Include="physics\camera_collision">
      <UniqueIdentifier>{9ccf145f-9414-4a21-ad7c-e5f855a8b825}</UniqueIdentifier>
    </Filter>
    <Filter Include="physics\damage_receiver">
      <UniqueIdentifier>{71310da4-53be-41c8-90be-601b91cb1bcc}</UniqueIdentifier>
    </Filter>
  </ItemGroup>
  <ItemGroup>
    <ClCompile Include="stdafx.cpp">
      <Filter>kernel</Filter>
    </ClCompile>
    <ClCompile Include="xrPhysics.cpp">
      <Filter>kernel</Filter>
    </ClCompile>
    <ClCompile Include="console_vars.cpp">
      <Filter>physics</Filter>
    </ClCompile>
    <ClCompile Include="ShellHit.cpp">
      <Filter>physics</Filter>
    </ClCompile>
    <ClCompile Include="tri-colliderknoopc\dcTriListCollider.cpp">
      <Filter>physics\colliders\tri</Filter>
    </ClCompile>
    <ClCompile Include="tri-colliderknoopc\dSortTriPrimitive.cpp">
      <Filter>physics\colliders\tri</Filter>
    </ClCompile>
    <ClCompile Include="tri-colliderknoopc\dTriBox.cpp">
      <Filter>physics\colliders\tri</Filter>
    </ClCompile>
    <ClCompile Include="tri-colliderknoopc\dTriCallideK.cpp">
      <Filter>physics\colliders\tri</Filter>
    </ClCompile>
    <ClCompile Include="tri-colliderknoopc\dTriCylinder.cpp">
      <Filter>physics\colliders\tri</Filter>
    </ClCompile>
    <ClCompile Include="tri-colliderknoopc\dTriList.cpp">
      <Filter>physics\colliders\tri</Filter>
    </ClCompile>
    <ClCompile Include="tri-colliderknoopc\dTriSphere.cpp">
      <Filter>physics\colliders\tri</Filter>
    </ClCompile>
    <ClCompile Include="dcylinder\dCylinder.cpp">
      <Filter>physics\colliders\cyl</Filter>
    </ClCompile>
    <ClCompile Include="dRayMotions.cpp">
      <Filter>physics\colliders\RayMotions</Filter>
    </ClCompile>
    <ClCompile Include="IActivationShape.cpp">
      <Filter>physics\ActivationBox</Filter>
    </ClCompile>
    <ClCompile Include="PHActivationShape.cpp">
      <Filter>physics\ActivationBox</Filter>
    </ClCompile>
    <ClCompile Include="PhysicsExternalCommon.cpp">
      <Filter>physics\Base</Filter>
    </ClCompile>
    <ClCompile Include="phvalide.cpp">
      <Filter>physics\Base\Objects\Utils</Filter>
    </ClCompile>
    <ClCompile Include="PHInterpolation.cpp">
      <Filter>physics\Base\Objects\Utils\Interpolation</Filter>
    </ClCompile>
    <ClCompile Include="MathUtils.cpp">
      <Filter>physics\Base\Objects\Utils\Math</Filter>
    </ClCompile>
    <ClCompile Include="PHDynamicData.cpp">
      <Filter>physics\Base\Objects\Utils\Math</Filter>
    </ClCompile>
    <ClCompile Include="PHContactBodyEffector.cpp">
      <Filter>physics\Base\Objects\BodyEffectors</Filter>
    </ClCompile>
    <ClCompile Include="..\xrServerEntities\PHNetState.cpp">
      <Filter>physics\Base\Objects\PHNet</Filter>
    </ClCompile>
    <ClCompile Include="PHMoveStorage.cpp">
      <Filter>physics\Base\Objects\MoveStorage</Filter>
    </ClCompile>
    <ClCompile Include="DisablingParams.cpp">
      <Filter>physics\Base\Objects\Disabling</Filter>
    </ClCompile>
    <ClCompile Include="PHDisabling.cpp">
      <Filter>physics\Base\Objects\Disabling</Filter>
    </ClCompile>
    <ClCompile Include="PHActorCharacter.cpp">
      <Filter>physics\Base\Objects\PhyMove\ActorCaracter</Filter>
    </ClCompile>
    <ClCompile Include="PHAICharacter.cpp">
      <Filter>physics\Base\Objects\PhyMove\AICharacter</Filter>
    </ClCompile>
    <ClCompile Include="PHCapture.cpp">
      <Filter>physics\Base\Objects\PhyMove\Capture</Filter>
    </ClCompile>
    <ClCompile Include="PHCaptureInit.cpp">
      <Filter>physics\Base\Objects\PhyMove\Capture</Filter>
    </ClCompile>
    <ClCompile Include="ElevatorState.cpp">
      <Filter>physics\Base\Objects\PhyMove\SipmpleCharacter</Filter>
    </ClCompile>
    <ClCompile Include="PHSimpleCharacter.cpp">
      <Filter>physics\Base\Objects\PhyMove\SipmpleCharacter</Filter>
    </ClCompile>
    <ClCompile Include="MovementBoxDynamicActivate.cpp">
      <Filter>physics\Base\Objects\PhyMove\BaseCharacter</Filter>
    </ClCompile>
    <ClCompile Include="PHCharacter.cpp">
      <Filter>physics\Base\Objects\PhyMove\BaseCharacter</Filter>
    </ClCompile>
    <ClCompile Include="PhysicsShell.cpp">
      <Filter>physics\Base\Objects\BaseShell</Filter>
    </ClCompile>
    <ClCompile Include="PhysicsShellAnimator.cpp">
      <Filter>physics\Base\Objects\BaseShell\PhysicsShellAnimator</Filter>
    </ClCompile>
    <ClCompile Include="PHElement.cpp">
      <Filter>physics\Base\Objects\Element</Filter>
    </ClCompile>
    <ClCompile Include="PHElementNetState.cpp">
      <Filter>physics\Base\Objects\Element</Filter>
    </ClCompile>
    <ClCompile Include="ExtendedGeom.cpp">
      <Filter>physics\Base\Objects\Element\Geom</Filter>
    </ClCompile>
    <ClCompile Include="Geometry.cpp">
      <Filter>physics\Base\Objects\Element\Geom</Filter>
    </ClCompile>
    <ClCompile Include="PHGeometryOwner.cpp">
      <Filter>physics\Base\Objects\Element\Geom</Filter>
    </ClCompile>
    <ClCompile Include="PHJoint.cpp">
      <Filter>physics\Base\Objects\Joint</Filter>
    </ClCompile>
    <ClCompile Include="PHShell.cpp">
      <Filter>physics\Base\Objects\Shell</Filter>
    </ClCompile>
    <ClCompile Include="PHShellActivate.cpp">
      <Filter>physics\Base\Objects\Shell</Filter>
    </ClCompile>
    <ClCompile Include="PHShellNetState.cpp">
      <Filter>physics\Base\Objects\Shell</Filter>
    </ClCompile>
    <ClCompile Include="PHFracture.cpp">
      <Filter>physics\Base\Objects\Breakable</Filter>
    </ClCompile>
    <ClCompile Include="PHJointDestroyInfo.cpp">
      <Filter>physics\Base\Objects\Breakable</Filter>
    </ClCompile>
    <ClCompile Include="PHShellSplitter.cpp">
      <Filter>physics\Base\Objects\Breakable</Filter>
    </ClCompile>
    <ClCompile Include="PHSplitedShell.cpp">
      <Filter>physics\Base\Objects\SplitedShell</Filter>
    </ClCompile>
    <ClCompile Include="PHObject.cpp">
      <Filter>physics\Base\Objects\PHObject</Filter>
    </ClCompile>
    <ClCompile Include="PHIsland.cpp">
      <Filter>physics\Base\Objects\PHIsland</Filter>
    </ClCompile>
    <ClCompile Include="GeometryBits.cpp">
      <Filter>physics\Base\Objects\World</Filter>
    </ClCompile>
    <ClCompile Include="params.cpp">
      <Filter>physics\Base\Objects\World</Filter>
    </ClCompile>
    <ClCompile Include="PHWorld.cpp">
      <Filter>physics\Base\Objects\World</Filter>
    </ClCompile>
    <ClCompile Include="Physics.cpp">
      <Filter>physics\Base\Objects\World</Filter>
    </ClCompile>
    <ClCompile Include="PHCollideValidator.cpp">
      <Filter>physics\Base\Objects\CollideValidator</Filter>
    </ClCompile>
    <ClCompile Include="PHStaticGeomShell.cpp">
      <Filter>physics\Base\Objects\StaticShell</Filter>
    </ClCompile>
    <ClCompile Include="physics_scripted.cpp">
      <Filter>physics\Base\Objects\script</Filter>
    </ClCompile>
    <ClCompile Include="debug_output.cpp">
      <Filter>physics\Base\Debug</Filter>
    </ClCompile>
    <ClCompile Include="ActorCameraCollision.cpp">
      <Filter>physics\camera_collision</Filter>
    </ClCompile>
    <ClCompile Include="collisiondamagereceiver.cpp">
      <Filter>physics\damage_receiver</Filter>
    </ClCompile>
  </ItemGroup>
  <ItemGroup>
    <ClInclude Include="stdafx.h">
      <Filter>kernel</Filter>
    </ClInclude>
    <ClInclude Include="xrPhysics.h">
      <Filter>kernel</Filter>
    </ClInclude>
    <ClInclude Include="console_vars.h">
      <Filter>physics</Filter>
    </ClInclude>
    <ClInclude Include="tri-colliderknoopc\__aabb_tri.h">
      <Filter>physics\colliders\tri</Filter>
    </ClInclude>
    <ClInclude Include="tri-colliderknoopc\dcTriangle.h">
      <Filter>physics\colliders\tri</Filter>
    </ClInclude>
    <ClInclude Include="tri-colliderknoopc\dcTriListCollider.h">
      <Filter>physics\colliders\tri</Filter>
    </ClInclude>
    <ClInclude Include="tri-colliderknoopc\dSortTriPrimitive.h">
      <Filter>physics\colliders\tri</Filter>
    </ClInclude>
    <ClInclude Include="tri-colliderknoopc\dTriBox.h">
      <Filter>physics\colliders\tri</Filter>
    </ClInclude>
    <ClInclude Include="tri-colliderknoopc\dTriCollideK.h">
      <Filter>physics\colliders\tri</Filter>
    </ClInclude>
    <ClInclude Include="tri-colliderknoopc\dTriColliderCommon.h">
      <Filter>physics\colliders\tri</Filter>
    </ClInclude>
    <ClInclude Include="tri-colliderknoopc\dTriColliderMath.h">
      <Filter>physics\colliders\tri</Filter>
    </ClInclude>
    <ClInclude Include="tri-colliderknoopc\dTriCylinder.h">
      <Filter>physics\colliders\tri</Filter>
    </ClInclude>
    <ClInclude Include="tri-colliderknoopc\dTriList.h">
      <Filter>physics\colliders\tri</Filter>
    </ClInclude>
    <ClInclude Include="tri-colliderknoopc\dTriSphere.h">
      <Filter>physics\colliders\tri</Filter>
    </ClInclude>
    <ClInclude Include="tri-colliderknoopc\dxTriList.h">
      <Filter>physics\colliders\tri</Filter>
    </ClInclude>
    <ClInclude Include="tri-colliderknoopc\TriPrimitiveCollideClassDef.h">
      <Filter>physics\colliders\tri</Filter>
    </ClInclude>
    <ClInclude Include="dcylinder\dCylinder.h">
      <Filter>physics\colliders\cyl</Filter>
    </ClInclude>
    <ClInclude Include="dRayMotions.h">
      <Filter>physics\colliders\RayMotions</Filter>
    </ClInclude>
    <ClInclude Include="IActivationShape.h">
      <Filter>physics\ActivationBox</Filter>
    </ClInclude>
    <ClInclude Include="PHActivationShape.h">
      <Filter>physics\ActivationBox</Filter>
    </ClInclude>
    <ClInclude Include="DamageSource.h">
      <Filter>physics\Base</Filter>
    </ClInclude>
    <ClInclude Include="ode_include.h">
      <Filter>physics\Base</Filter>
    </ClInclude>
    <ClInclude Include="ode_redefine.h">
      <Filter>physics\Base</Filter>
    </ClInclude>
    <ClInclude Include="PhysicsCommon.h">
      <Filter>physics\Base</Filter>
    </ClInclude>
    <ClInclude Include="PhysicsExternalCommon.h">
      <Filter>physics\Base</Filter>
    </ClInclude>
    <ClInclude Include="PHDefs.h">
      <Filter>physics\Base\Objects</Filter>
    </ClInclude>
    <ClInclude Include="ph_valid_ode.h">
      <Filter>physics\Base\Objects\Utils</Filter>
    </ClInclude>
    <ClInclude Include="phvalide.h">
      <Filter>physics\Base\Objects\Utils</Filter>
    </ClInclude>
    <ClInclude Include="PHValideValues.h">
      <Filter>physics\Base\Objects\Utils</Filter>
    </ClInclude>
    <ClInclude Include="PHInterpolation.h">
      <Filter>physics\Base\Objects\Utils\Interpolation</Filter>
    </ClInclude>
    <ClInclude Include="BlockAllocator.h">
      <Filter>physics\Base\Objects\Utils\Storage</Filter>
    </ClInclude>
    <ClInclude Include="CycleConstStorage.h">
      <Filter>physics\Base\Objects\Utils\Storage</Filter>
    </ClInclude>
    <ClInclude Include="CalculateTriangle.h">
      <Filter>physics\Base\Objects\Utils\Math</Filter>
    </ClInclude>
    <ClInclude Include="MathUtils.h">
      <Filter>physics\Base\Objects\Utils\Math</Filter>
    </ClInclude>
    <ClInclude Include="MathUtilsOde.h">
      <Filter>physics\Base\Objects\Utils\Math</Filter>
    </ClInclude>
    <ClInclude Include="matrix_utils.h">
      <Filter>physics\Base\Objects\Utils\Math</Filter>
    </ClInclude>
    <ClInclude Include="PHDynamicData.h">
      <Filter>physics\Base\Objects\Utils\Math</Filter>
    </ClInclude>
    <ClInclude Include="PHBaseBodyEffector.h">
      <Filter>physics\Base\Objects\BodyEffectors</Filter>
    </ClInclude>
    <ClInclude Include="PHContactBodyEffector.h">
      <Filter>physics\Base\Objects\BodyEffectors</Filter>
    </ClInclude>
    <ClInclude Include="..\xrServerEntities\PHNetState.h">
      <Filter>physics\Base\Objects\PHNet</Filter>
    </ClInclude>
    <ClInclude Include="PHMoveStorage.h">
      <Filter>physics\Base\Objects\MoveStorage</Filter>
    </ClInclude>
    <ClInclude Include="DisablingParams.h">
      <Filter>physics\Base\Objects\Disabling</Filter>
    </ClInclude>
    <ClInclude Include="PHDisabling.h">
      <Filter>physics\Base\Objects\Disabling</Filter>
    </ClInclude>
    <ClInclude Include="PHActorCharacter.h">
      <Filter>physics\Base\Objects\PhyMove\ActorCaracter</Filter>
    </ClInclude>
    <ClInclude Include="PHActorCharacterInline.h">
      <Filter>physics\Base\Objects\PhyMove\ActorCaracter</Filter>
    </ClInclude>
    <ClInclude Include="PHAICharacter.h">
      <Filter>physics\Base\Objects\PhyMove\AICharacter</Filter>
    </ClInclude>
    <ClInclude Include="IPHCapture.h">
      <Filter>physics\Base\Objects\PhyMove\Capture</Filter>
    </ClInclude>
    <ClInclude Include="PHCapture.h">
      <Filter>physics\Base\Objects\PhyMove\Capture</Filter>
    </ClInclude>
    <ClInclude Include="ElevatorState.h">
      <Filter>physics\Base\Objects\PhyMove\SipmpleCharacter</Filter>
    </ClInclude>
    <ClInclude Include="iclimableobject.h">
      <Filter>physics\Base\Objects\PhyMove\SipmpleCharacter</Filter>
    </ClInclude>
    <ClInclude Include="IElevatorState.h">
      <Filter>physics\Base\Objects\PhyMove\SipmpleCharacter</Filter>
    </ClInclude>
    <ClInclude Include="PHSimpleCharacter.h">
      <Filter>physics\Base\Objects\PhyMove\SipmpleCharacter</Filter>
    </ClInclude>
    <ClInclude Include="PHSimpleCharacterInline.h">
      <Filter>physics\Base\Objects\PhyMove\SipmpleCharacter</Filter>
    </ClInclude>
    <ClInclude Include="IColisiondamageInfo.h">
      <Filter>physics\Base\Objects\PhyMove\BaseCharacter</Filter>
    </ClInclude>
    <ClInclude Include="MovementBoxDynamicActivate.h">
      <Filter>physics\Base\Objects\PhyMove\BaseCharacter</Filter>
    </ClInclude>
    <ClInclude Include="PHCharacter.h">
      <Filter>physics\Base\Objects\PhyMove\BaseCharacter</Filter>
    </ClInclude>
    <ClInclude Include="IPhysicsShellHolder.h">
      <Filter>physics\Base\Objects\BaseShell</Filter>
    </ClInclude>
    <ClInclude Include="PhysicsShell.h">
      <Filter>physics\Base\Objects\BaseShell</Filter>
    </ClInclude>
    <ClInclude Include="PhysicsShellAnimator.h">
      <Filter>physics\Base\Objects\BaseShell\PhysicsShellAnimator</Filter>
    </ClInclude>
    <ClInclude Include="PhysicsShellAnimatorBoneData.h">
      <Filter>physics\Base\Objects\BaseShell\PhysicsShellAnimator</Filter>
    </ClInclude>
    <ClInclude Include="PHElement.h">
      <Filter>physics\Base\Objects\Element</Filter>
    </ClInclude>
    <ClInclude Include="PHElementInline.h">
      <Filter>physics\Base\Objects\Element</Filter>
    </ClInclude>
    <ClInclude Include="ExtendedGeom.h">
      <Filter>physics\Base\Objects\Element\Geom</Filter>
    </ClInclude>
    <ClInclude Include="Geometry.h">
      <Filter>physics\Base\Objects\Element\Geom</Filter>
    </ClInclude>
    <ClInclude Include="PHGeometryOwner.h">
      <Filter>physics\Base\Objects\Element\Geom</Filter>
    </ClInclude>
    <ClInclude Include="PHJoint.h">
      <Filter>physics\Base\Objects\Joint</Filter>
    </ClInclude>
    <ClInclude Include="PHShell.h">
      <Filter>physics\Base\Objects\Shell</Filter>
    </ClInclude>
    <ClInclude Include="PHShellBuildJoint.h">
      <Filter>physics\Base\Objects\Shell</Filter>
    </ClInclude>
    <ClInclude Include="PHFracture.h">
      <Filter>physics\Base\Objects\Breakable</Filter>
    </ClInclude>
    <ClInclude Include="PHJointDestroyInfo.h">
      <Filter>physics\Base\Objects\Breakable</Filter>
    </ClInclude>
    <ClInclude Include="PHShellSplitter.h">
      <Filter>physics\Base\Objects\Breakable</Filter>
    </ClInclude>
    <ClInclude Include="PHSplitedShell.h">
      <Filter>physics\Base\Objects\SplitedShell</Filter>
    </ClInclude>
    <ClInclude Include="PHObject.h">
      <Filter>physics\Base\Objects\PHObject</Filter>
    </ClInclude>
    <ClInclude Include="PHUpdateObject.h">
      <Filter>physics\Base\Objects\PHObject</Filter>
    </ClInclude>
    <ClInclude Include="PHIsland.h">
      <Filter>physics\Base\Objects\PHIsland</Filter>
    </ClInclude>
    <ClInclude Include="GeometryBits.h">
      <Filter>physics\Base\Objects\World</Filter>
    </ClInclude>
    <ClInclude Include="IPHWorld.h">
      <Filter>physics\Base\Objects\World</Filter>
    </ClInclude>
    <ClInclude Include="params.h">
      <Filter>physics\Base\Objects\World</Filter>
    </ClInclude>
    <ClInclude Include="PHItemList.h">
      <Filter>physics\Base\Objects\World</Filter>
    </ClInclude>
    <ClInclude Include="PHWorld.h">
      <Filter>physics\Base\Objects\World</Filter>
    </ClInclude>
    <ClInclude Include="Physics.h">
      <Filter>physics\Base\Objects\World</Filter>
    </ClInclude>
    <ClInclude Include="ICollideValidator.h">
      <Filter>physics\Base\Objects\CollideValidator</Filter>
    </ClInclude>
    <ClInclude Include="PHCollideValidator.h">
      <Filter>physics\Base\Objects\CollideValidator</Filter>
    </ClInclude>
    <ClInclude Include="IPHStaticGeomShell.h">
      <Filter>physics\Base\Objects\StaticShell</Filter>
    </ClInclude>
    <ClInclude Include="PHStaticGeomShell.h">
      <Filter>physics\Base\Objects\StaticShell</Filter>
    </ClInclude>
    <ClInclude Include="iphysics_scripted.h">
      <Filter>physics\Base\Objects\script</Filter>
    </ClInclude>
    <ClInclude Include="physics_scripted.h">
      <Filter>physics\Base\Objects\script</Filter>
    </ClInclude>
    <ClInclude Include="PHImpact.h">
      <Filter>physics\Base\Impact</Filter>
    </ClInclude>
    <ClInclude Include="debug_output.h">
      <Filter>physics\Base\Debug</Filter>
    </ClInclude>
    <ClInclude Include="ActorCameraCollision.h">
      <Filter>physics\camera_collision</Filter>
    </ClInclude>
    <ClInclude Include="icollisiondamagereceiver.h">
      <Filter>physics\damage_receiver</Filter>
    </ClInclude>
  </ItemGroup>
</Project>