<?xml version="1.0" encoding="utf-8"?>
<Project ToolsVersion="4.0" xmlns="http://schemas.microsoft.com/developer/msbuild/2003">
  <ItemGroup>
    <Filter Include="Kernel">
      <UniqueIdentifier>{cb6a43e6-60d5-4a41-8b53-8c840a35764c}</UniqueIdentifier>
    </Filter>
    <Filter Include="Core">
      <UniqueIdentifier>{4c8a1391-f0a8-44aa-a30f-5eab03629be0}</UniqueIdentifier>
    </Filter>
    <Filter Include="Details">
      <UniqueIdentifier>{c4ad3c07-a1d7-4b90-b79e-e720c1add3ee}</UniqueIdentifier>
    </Filter>
    <Filter Include="Stripifier">
      <UniqueIdentifier>{fcd6e24a-b344-4aca-b23a-881570548839}</UniqueIdentifier>
    </Filter>
    <Filter Include="Lights">
      <UniqueIdentifier>{ee1cade5-70e8-4e78-8bcc-9d368a821eef}</UniqueIdentifier>
    </Filter>
    <Filter Include="Glows">
      <UniqueIdentifier>{32bc5df7-18fb-40bd-a029-aa91de8b68a0}</UniqueIdentifier>
    </Filter>
    <Filter Include="Wallmarks">
      <UniqueIdentifier>{a7f9551c-039d-4053-8dca-0c6051569d15}</UniqueIdentifier>
    </Filter>
    <Filter Include="Shading templates">
      <UniqueIdentifier>{908ca0b8-57e9-4a1d-9a9c-a09a49173eb4}</UniqueIdentifier>
    </Filter>
    <Filter Include="Shading templates\R1">
      <UniqueIdentifier>{43922e51-f5c4-4bed-b98c-6ae777446631}</UniqueIdentifier>
    </Filter>
    <Filter Include="Shading templates\3dFluid">
      <UniqueIdentifier>{d4e500c6-063d-423c-bbbe-7100ddec78eb}</UniqueIdentifier>
    </Filter>
    <Filter Include="Shading templates\DX10 Rain">
      <UniqueIdentifier>{0f354bed-edf9-48ac-9683-cc33de991550}</UniqueIdentifier>
    </Filter>
    <Filter Include="Models">
      <UniqueIdentifier>{2caaf112-c824-4d47-bf2d-f99fc30b2f46}</UniqueIdentifier>
    </Filter>
    <Filter Include="Models\Visuals">
      <UniqueIdentifier>{ba90239e-9848-4a0b-b248-b708c97dbe1c}</UniqueIdentifier>
    </Filter>
    <Filter Include="Visibility">
      <UniqueIdentifier>{de8898dc-72fb-41a4-8f84-595887f61e66}</UniqueIdentifier>
    </Filter>
    <Filter Include="Visibility\Sector/Portal">
      <UniqueIdentifier>{86dc9998-adea-4536-aa29-1b9b0f7ef0c6}</UniqueIdentifier>
    </Filter>
    <Filter Include="Visibility\HOM Occlusion">
      <UniqueIdentifier>{ed9dbe57-2e01-4dd2-aa89-915fba258c45}</UniqueIdentifier>
    </Filter>
    <Filter Include="Core_Target">
      <UniqueIdentifier>{b678be4c-f6a0-4efe-80d2-283372a73a72}</UniqueIdentifier>
    </Filter>
    <Filter Include="Core_Target\ColorMap">
      <UniqueIdentifier>{fc6f1698-e9b4-4f93-b0b6-2298a9c89bb8}</UniqueIdentifier>
    </Filter>
    <Filter Include="Refactored">
      <UniqueIdentifier>{53833409-b7c9-4774-af6e-21a336e70ae6}</UniqueIdentifier>
    </Filter>
    <Filter Include="Refactored\HW">
      <UniqueIdentifier>{8356d66d-5e6a-4e4e-baab-735411ae0aa9}</UniqueIdentifier>
    </Filter>
    <Filter Include="Refactored\Backend">
      <UniqueIdentifier>{e04f615d-c520-4f2d-bc7c-2d4b310e8346}</UniqueIdentifier>
    </Filter>
    <Filter Include="Refactored\Execution &amp; 3D">
      <UniqueIdentifier>{5696a5d4-4054-4257-8e73-5e3e6f60d470}</UniqueIdentifier>
    </Filter>
    <Filter Include="Refactored\Execution &amp; 3D\Shaders">
      <UniqueIdentifier>{a661ef33-22e5-4c46-a3d7-e9123a5d59cb}</UniqueIdentifier>
    </Filter>
    <Filter Include="Refactored\Execution &amp; 3D\Shaders\Resources">
      <UniqueIdentifier>{764e7817-7aef-49ac-9130-07bfea6e63ca}</UniqueIdentifier>
    </Filter>
    <Filter Include="Refactored\Execution &amp; 3D\Shaders\Resources\dx10_R_shader">
      <UniqueIdentifier>{b9a745d6-a043-41c6-83ec-4991b7042539}</UniqueIdentifier>
    </Filter>
    <Filter Include="Refactored\Execution &amp; 3D\Shaders\ShaderManager">
      <UniqueIdentifier>{f3dc1868-7417-4baa-82b4-abc4ef00cf49}</UniqueIdentifier>
    </Filter>
    <Filter Include="Refactored\Execution &amp; 3D\Shaders\Blender">
      <UniqueIdentifier>{d3c22d47-81d4-46cf-84e4-258cedbe754b}</UniqueIdentifier>
    </Filter>
    <Filter Include="Refactored\Execution &amp; 3D\DebugDraw">
      <UniqueIdentifier>{e575407e-855d-4c5b-bcb4-dd7b212dfeb8}</UniqueIdentifier>
    </Filter>
    <Filter Include="Refactored\Execution &amp; 3D\Visuals">
      <UniqueIdentifier>{f1bd1b79-33ec-4e78-9eb1-14eb02c53021}</UniqueIdentifier>
    </Filter>
    <Filter Include="Refactored\Execution &amp; 3D\Visuals\Skeleton">
      <UniqueIdentifier>{f3b0d9cd-1bc2-4a18-ab7f-131e4c0349f1}</UniqueIdentifier>
    </Filter>
    <Filter Include="Refactored\Execution &amp; 3D\Gamma">
      <UniqueIdentifier>{0a96452c-74f2-4127-bb21-f9af424c17b5}</UniqueIdentifier>
    </Filter>
    <Filter Include="Refactored\Interfaces">
      <UniqueIdentifier>{ec8f3c4b-7357-47f4-a45f-460bbc409f99}</UniqueIdentifier>
    </Filter>
    <Filter Include="Refactored\stats_manager">
      <UniqueIdentifier>{64be3588-c127-4bbe-9c14-958c0dffc899}</UniqueIdentifier>
    </Filter>
    <Filter Include="Interfase implementations">
      <UniqueIdentifier>{6fb2676f-fd9f-4c96-b2ff-8481c2a210c7}</UniqueIdentifier>
    </Filter>
    <Filter Include="Interfase implementations\RenderFactory">
      <UniqueIdentifier>{70b6497d-5c15-4933-a5ec-36471d631c85}</UniqueIdentifier>
    </Filter>
    <Filter Include="Interfase implementations\LensFlare">
      <UniqueIdentifier>{e9d7a3a4-4e35-4aef-ac53-f09b40c64dee}</UniqueIdentifier>
    </Filter>
    <Filter Include="Interfase implementations\FactoryPtr">
      <UniqueIdentifier>{4c587d80-3616-4806-8354-3852f668518a}</UniqueIdentifier>
    </Filter>
    <Filter Include="Interfase implementations\ApplicationRender">
      <UniqueIdentifier>{f23f3dd1-98ae-45cf-b695-3a873ee4cc7e}</UniqueIdentifier>
    </Filter>
    <Filter Include="Interfase implementations\RainRender">
      <UniqueIdentifier>{79aa02d2-1b61-4865-8bdb-f119aaf005f3}</UniqueIdentifier>
    </Filter>
    <Filter Include="Interfase implementations\ThunderboltRender">
      <UniqueIdentifier>{c9208515-85f1-4632-9c37-268850e52970}</UniqueIdentifier>
    </Filter>
    <Filter Include="Interfase implementations\EnvironmentRender">
      <UniqueIdentifier>{541bf959-4b47-416a-9af9-4717421bf8fd}</UniqueIdentifier>
    </Filter>
    <Filter Include="Interfase implementations\RenderDeviceRender">
      <UniqueIdentifier>{08962387-297e-4434-a6d5-de0c0a0c249d}</UniqueIdentifier>
    </Filter>
    <Filter Include="Interfase implementations\ConsoleRender">
      <UniqueIdentifier>{89f8fc17-ff95-4b74-a786-5afd6722180b}</UniqueIdentifier>
    </Filter>
    <Filter Include="Interfase implementations\ObjectSpaceRender">
      <UniqueIdentifier>{6194443d-e7dd-44a7-9672-97bd149495a8}</UniqueIdentifier>
    </Filter>
    <Filter Include="Interfase implementations\FontRender">
      <UniqueIdentifier>{4caa3d5c-0d50-4db0-985b-6095c66117ac}</UniqueIdentifier>
    </Filter>
    <Filter Include="Interfase implementations\WallMarkArray">
      <UniqueIdentifier>{645b504a-a9fb-4942-9213-ddb4f03abafb}</UniqueIdentifier>
    </Filter>
    <Filter Include="Interfase implementations\StatGraphRender">
      <UniqueIdentifier>{65c3c662-62a0-48ea-8eba-d9e4d12c6d02}</UniqueIdentifier>
    </Filter>
    <Filter Include="Interfase implementations\ThunderboltDescRender">
      <UniqueIdentifier>{130e16a2-f14c-4b1d-a4ed-56f9b08b546f}</UniqueIdentifier>
    </Filter>
    <Filter Include="Interfase implementations\StatsRender">
      <UniqueIdentifier>{7cdc6f12-2168-437d-96b9-6be71d9ed936}</UniqueIdentifier>
    </Filter>
    <Filter Include="Interfase implementations\Debug">
      <UniqueIdentifier>{8ab78509-f42b-43e7-8b78-229527b9d852}</UniqueIdentifier>
    </Filter>
    <Filter Include="Interfase implementations\Debug\DebugRender">
      <UniqueIdentifier>{5f019eb3-d1cf-4f88-be0a-c04950a3b70b}</UniqueIdentifier>
    </Filter>
    <Filter Include="Interfase implementations\UI">
      <UniqueIdentifier>{8e7ad538-3bbb-45db-a6cd-b0d7fa61e988}</UniqueIdentifier>
    </Filter>
    <Filter Include="Interfase implementations\UI\UIRender">
      <UniqueIdentifier>{9e490fc6-d338-4aa1-aba9-38d62216bab8}</UniqueIdentifier>
    </Filter>
    <Filter Include="Interfase implementations\UI\UIShader">
      <UniqueIdentifier>{02a3c8bb-1022-4cc1-915d-5a43563eaf78}</UniqueIdentifier>
    </Filter>
    <Filter Include="Interfase implementations\UI\UISequenceVideoItem">
      <UniqueIdentifier>{0e11051b-0c2e-425c-90f3-a685423c7852}</UniqueIdentifier>
    </Filter>
    <Filter Include="Interfase implementations\MSAARender">
      <UniqueIdentifier>{507cfc3a-51c6-4a93-bb7f-6be0c25d0682}</UniqueIdentifier>
    </Filter>
    <Filter Include="dx9 to dx10 Utils">
      <UniqueIdentifier>{f7792869-84fd-475c-9229-f83eabc58dc7}</UniqueIdentifier>
    </Filter>
    <Filter Include="StateManager">
      <UniqueIdentifier>{c1c55dc2-ce87-4059-959e-68cf28256f22}</UniqueIdentifier>
    </Filter>
    <Filter Include="Utils">
      <UniqueIdentifier>{d38d08ca-3fd5-40c9-94b4-1db0dd59cf07}</UniqueIdentifier>
    </Filter>
    <Filter Include="3DFluid">
      <UniqueIdentifier>{04a5745a-68c9-4f53-bc53-6ec6dbbbd169}</UniqueIdentifier>
    </Filter>
    <Filter Include="Debug">
      <UniqueIdentifier>{af8c66a5-4906-4d91-96a6-c8af50454dec}</UniqueIdentifier>
    </Filter>
  </ItemGroup>
  <ItemGroup>
    <ClInclude Include="cl_intersect.h">
      <Filter>Kernel</Filter>
    </ClInclude>
    <ClInclude Include="stdafx.h">
      <Filter>Kernel</Filter>
    </ClInclude>
    <ClInclude Include="..\xrRender\xrD3DDefs.h">
      <Filter>Kernel</Filter>
    </ClInclude>
    <ClInclude Include="..\xrRender\xrRender_console.h">
      <Filter>Kernel</Filter>
    </ClInclude>
    <ClInclude Include="..\xrRender\PSLibrary.h">
      <Filter>Core</Filter>
    </ClInclude>
    <ClInclude Include="..\xrRender\QueryHelper.h">
      <Filter>Core</Filter>
    </ClInclude>
    <ClInclude Include="r2_types.h">
      <Filter>Core</Filter>
    </ClInclude>
    <ClInclude Include="r3.h">
      <Filter>Core</Filter>
    </ClInclude>
    <ClInclude Include="r3_R_sun_support.h">
      <Filter>Core</Filter>
    </ClInclude>
    <ClInclude Include="..\xrRender\r__dsgraph_structure.h">
      <Filter>Core</Filter>
    </ClInclude>
    <ClInclude Include="..\xrRender\r__dsgraph_types.h">
      <Filter>Core</Filter>
    </ClInclude>
    <ClInclude Include="..\xrRender\r__occlusion.h">
      <Filter>Core</Filter>
    </ClInclude>
    <ClInclude Include="..\xrRender\r__pixel_calculator.h">
      <Filter>Core</Filter>
    </ClInclude>
    <ClInclude Include="..\xrRender\r_sun_cascades.h">
      <Filter>Core</Filter>
    </ClInclude>
    <ClInclude Include="DetailFormat.h">
      <Filter>Details</Filter>
    </ClInclude>
    <ClInclude Include="..\xrRender\DetailManager.h">
      <Filter>Details</Filter>
    </ClInclude>
    <ClInclude Include="..\xrRender\DetailModel.h">
      <Filter>Details</Filter>
    </ClInclude>
    <ClInclude Include="..\xrRender\NvTriStrip.h">
      <Filter>Stripifier</Filter>
    </ClInclude>
    <ClInclude Include="..\xrRender\NvTriStripObjects.h">
      <Filter>Stripifier</Filter>
    </ClInclude>
    <ClInclude Include="..\xrRender\VertexCache.h">
      <Filter>Stripifier</Filter>
    </ClInclude>
    <ClInclude Include="..\xrRender\xrStripify.h">
      <Filter>Stripifier</Filter>
    </ClInclude>
    <ClInclude Include="light.h">
      <Filter>Lights</Filter>
    </ClInclude>
    <ClInclude Include="..\xrRender\Light_DB.h">
      <Filter>Lights</Filter>
    </ClInclude>
    <ClInclude Include="light_gi.h">
      <Filter>Lights</Filter>
    </ClInclude>
    <ClInclude Include="..\xrRender\Light_Package.h">
      <Filter>Lights</Filter>
    </ClInclude>
    <ClInclude Include="Light_Render_Direct.h">
      <Filter>Lights</Filter>
    </ClInclude>
    <ClInclude Include="light_smapvis.h">
      <Filter>Lights</Filter>
    </ClInclude>
    <ClInclude Include="..\xrRender\LightTrack.h">
      <Filter>Lights</Filter>
    </ClInclude>
    <ClInclude Include="SMAP_Allocator.h">
      <Filter>Lights</Filter>
    </ClInclude>
    <ClInclude Include="..\xrRender\WallmarksEngine.h">
      <Filter>Wallmarks</Filter>
    </ClInclude>
    <ClInclude Include="blender_bloom_build.h">
      <Filter>Shading templates</Filter>
    </ClInclude>
    <ClInclude Include="..\xrRender\Blender_BmmD.h">
      <Filter>Shading templates</Filter>
    </ClInclude>
    <ClInclude Include="blender_combine.h">
      <Filter>Shading templates</Filter>
    </ClInclude>
    <ClInclude Include="blender_deffer_aref.h">
      <Filter>Shading templates</Filter>
    </ClInclude>
    <ClInclude Include="blender_deffer_flat.h">
      <Filter>Shading templates</Filter>
    </ClInclude>
    <ClInclude Include="blender_deffer_model.h">
      <Filter>Shading templates</Filter>
    </ClInclude>
    <ClInclude Include="..\xrRender\Blender_Editor_Selection.h">
      <Filter>Shading templates</Filter>
    </ClInclude>
    <ClInclude Include="..\xrRender\Blender_Editor_Wire.h">
      <Filter>Shading templates</Filter>
    </ClInclude>
    <ClInclude Include="blender_light_direct.h">
      <Filter>Shading templates</Filter>
    </ClInclude>
    <ClInclude Include="blender_light_mask.h">
      <Filter>Shading templates</Filter>
    </ClInclude>
    <ClInclude Include="blender_light_occq.h">
      <Filter>Shading templates</Filter>
    </ClInclude>
    <ClInclude Include="blender_light_point.h">
      <Filter>Shading templates</Filter>
    </ClInclude>
    <ClInclude Include="blender_light_reflected.h">
      <Filter>Shading templates</Filter>
    </ClInclude>
    <ClInclude Include="blender_light_spot.h">
      <Filter>Shading templates</Filter>
    </ClInclude>
    <ClInclude Include="blender_luminance.h">
      <Filter>Shading templates</Filter>
    </ClInclude>
    <ClInclude Include="..\xrRender\Blender_Particle.h">
      <Filter>Shading templates</Filter>
    </ClInclude>
    <ClInclude Include="blender_ssao.h">
      <Filter>Shading templates</Filter>
    </ClInclude>
    <ClInclude Include="dx10MinMaxSMBlender.h">
      <Filter>Shading templates</Filter>
    </ClInclude>
    <ClInclude Include="..\xrRender\uber_deffer.h">
      <Filter>Shading templates</Filter>
    </ClInclude>
    <ClInclude Include="..\xrRender\Blender_detail_still.h">
      <Filter>Shading templates\R1</Filter>
    </ClInclude>
    <ClInclude Include="..\xrRender\Blender_Lm(EbB).h">
      <Filter>Shading templates\R1</Filter>
    </ClInclude>
    <ClInclude Include="..\xrRender\Blender_Model_EbB.h">
      <Filter>Shading templates\R1</Filter>
    </ClInclude>
    <ClInclude Include="..\xrRender\Blender_Screen_SET.h">
      <Filter>Shading templates\R1</Filter>
    </ClInclude>
    <ClInclude Include="..\xrRender\Blender_tree.h">
      <Filter>Shading templates\R1</Filter>
    </ClInclude>
    <ClInclude Include="..\xrRenderDX10\3DFluid\dx103DFluidBlenders.h">
      <Filter>Shading templates\3dFluid</Filter>
    </ClInclude>
    <ClInclude Include="..\xrRenderDX10\DX10 Rain\dx10RainBlender.h">
      <Filter>Shading templates\DX10 Rain</Filter>
    </ClInclude>
    <ClInclude Include="..\xrRender\ModelPool.h">
      <Filter>Models</Filter>
    </ClInclude>
    <ClInclude Include="..\xrRenderDX10\3DFluid\dx103DFluidVolume.h">
      <Filter>Models\Visuals</Filter>
    </ClInclude>
    <ClInclude Include="..\xrRender\FLOD.h">
      <Filter>Models\Visuals</Filter>
    </ClInclude>
    <ClInclude Include="..\xrRender\FProgressive.h">
      <Filter>Models\Visuals</Filter>
    </ClInclude>
    <ClInclude Include="..\xrRender\FSkinned.h">
      <Filter>Models\Visuals</Filter>
    </ClInclude>
    <ClInclude Include="..\xrRender\FTreeVisual.h">
      <Filter>Models\Visuals</Filter>
    </ClInclude>
    <ClInclude Include="..\xrRender\FVisual.h">
      <Filter>Models\Visuals</Filter>
    </ClInclude>
    <ClInclude Include="..\xrRender\ParticleEffect.h">
      <Filter>Models\Visuals</Filter>
    </ClInclude>
    <ClInclude Include="..\xrRender\ParticleEffectDef.h">
      <Filter>Models\Visuals</Filter>
    </ClInclude>
    <ClInclude Include="..\xrRender\ParticleGroup.h">
      <Filter>Models\Visuals</Filter>
    </ClInclude>
    <ClInclude Include="..\xrRender\r__sector.h">
      <Filter>Visibility\Sector/Portal</Filter>
    </ClInclude>
    <ClInclude Include="..\xrRender\HOM.h">
      <Filter>Visibility\HOM Occlusion</Filter>
    </ClInclude>
    <ClInclude Include="..\xrRender\occRasterizer.h">
      <Filter>Visibility\HOM Occlusion</Filter>
    </ClInclude>
    <ClInclude Include="r3_rendertarget.h">
      <Filter>Core_Target</Filter>
    </ClInclude>
    <ClInclude Include="r3_rendertarget_wallmarks.h">
      <Filter>Core_Target</Filter>
    </ClInclude>
    <ClInclude Include="..\xrRender\ColorMapManager.h">
      <Filter>Core_Target\ColorMap</Filter>
    </ClInclude>
    <ClInclude Include="..\xrRender\HW.h">
      <Filter>Refactored\HW</Filter>
    </ClInclude>
    <ClInclude Include="..\xrRender\HWCaps.h">
      <Filter>Refactored\HW</Filter>
    </ClInclude>
    <ClInclude Include="..\xrRenderDX10\dx10R_Backend_Runtime.h">
      <Filter>Refactored\Backend</Filter>
    </ClInclude>
    <ClInclude Include="..\xrRender\FVF.h">
      <Filter>Refactored\Backend</Filter>
    </ClInclude>
    <ClInclude Include="..\xrRender\R_Backend.h">
      <Filter>Refactored\Backend</Filter>
    </ClInclude>
    <ClInclude Include="..\xrRender\R_Backend_hemi.h">
      <Filter>Refactored\Backend</Filter>
    </ClInclude>
    <ClInclude Include="..\xrRender\R_Backend_Runtime.h">
      <Filter>Refactored\Backend</Filter>
    </ClInclude>
    <ClInclude Include="..\xrRender\R_Backend_tree.h">
      <Filter>Refactored\Backend</Filter>
    </ClInclude>
    <ClInclude Include="..\xrRender\R_Backend_xform.h">
      <Filter>Refactored\Backend</Filter>
    </ClInclude>
    <ClInclude Include="..\xrRender\R_DStreams.h">
      <Filter>Refactored\Backend</Filter>
    </ClInclude>
    <ClInclude Include="..\xrRenderDX10\dx10ConstantBuffer.h">
      <Filter>Refactored\Execution &amp; 3D\Shaders\Resources</Filter>
    </ClInclude>
    <ClInclude Include="..\xrRenderDX10\dx10ConstantBuffer_impl.h">
      <Filter>Refactored\Execution &amp; 3D\Shaders\Resources</Filter>
    </ClInclude>
    <ClInclude Include="..\xrRender\r_constants.h">
      <Filter>Refactored\Execution &amp; 3D\Shaders\Resources</Filter>
    </ClInclude>
    <ClInclude Include="..\xrRender\SH_Atomic.h">
      <Filter>Refactored\Execution &amp; 3D\Shaders\Resources</Filter>
    </ClInclude>
    <ClInclude Include="..\xrRender\SH_Constant.h">
      <Filter>Refactored\Execution &amp; 3D\Shaders\Resources</Filter>
    </ClInclude>
    <ClInclude Include="..\xrRender\SH_Matrix.h">
      <Filter>Refactored\Execution &amp; 3D\Shaders\Resources</Filter>
    </ClInclude>
    <ClInclude Include="..\xrRender\SH_RT.h">
      <Filter>Refactored\Execution &amp; 3D\Shaders\Resources</Filter>
    </ClInclude>
    <ClInclude Include="..\xrRender\SH_Texture.h">
      <Filter>Refactored\Execution &amp; 3D\Shaders\Resources</Filter>
    </ClInclude>
    <ClInclude Include="..\xrRender\Shader.h">
      <Filter>Refactored\Execution &amp; 3D\Shaders\Resources</Filter>
    </ClInclude>
    <ClInclude Include="..\xrRenderDX10\dx10r_constants_cache.h">
      <Filter>Refactored\Execution &amp; 3D\Shaders\Resources\dx10_R_shader</Filter>
    </ClInclude>
    <ClInclude Include="..\xrRender\r_constants_cache.h">
      <Filter>Refactored\Execution &amp; 3D\Shaders\Resources\dx10_R_shader</Filter>
    </ClInclude>
    <ClInclude Include="..\xrRender\ETextureParams.h">
      <Filter>Refactored\Execution &amp; 3D\Shaders\ShaderManager</Filter>
    </ClInclude>
    <ClInclude Include="..\xrRender\ResourceManager.h">
      <Filter>Refactored\Execution &amp; 3D\Shaders\ShaderManager</Filter>
    </ClInclude>
    <ClInclude Include="..\xrRender\TextureDescrManager.h">
      <Filter>Refactored\Execution &amp; 3D\Shaders\ShaderManager</Filter>
    </ClInclude>
    <ClInclude Include="..\xrRender\blenders\Blender.h">
      <Filter>Refactored\Execution &amp; 3D\Shaders\Blender</Filter>
    </ClInclude>
    <ClInclude Include="..\xrRender\blenders\Blender_CLSID.h">
      <Filter>Refactored\Execution &amp; 3D\Shaders\Blender</Filter>
    </ClInclude>
    <ClInclude Include="..\xrRender\blenders\Blender_Recorder.h">
      <Filter>Refactored\Execution &amp; 3D\Shaders\Blender</Filter>
    </ClInclude>
    <ClInclude Include="..\xrRender\tss.h">
      <Filter>Refactored\Execution &amp; 3D\Shaders\Blender</Filter>
    </ClInclude>
    <ClInclude Include="..\xrRender\tss_def.h">
      <Filter>Refactored\Execution &amp; 3D\Shaders\Blender</Filter>
    </ClInclude>
    <ClInclude Include="..\xrRender\D3DUtils.h">
      <Filter>Refactored\Execution &amp; 3D\DebugDraw</Filter>
    </ClInclude>
    <ClInclude Include="..\..\Include\xrRender\DrawUtils.h">
      <Filter>Refactored\Execution &amp; 3D\DebugDraw</Filter>
    </ClInclude>
    <ClInclude Include="..\xrRender\du_box.h">
      <Filter>Refactored\Execution &amp; 3D\DebugDraw</Filter>
    </ClInclude>
    <ClInclude Include="..\xrRender\du_cone.h">
      <Filter>Refactored\Execution &amp; 3D\DebugDraw</Filter>
    </ClInclude>
    <ClInclude Include="..\xrRender\du_cylinder.h">
      <Filter>Refactored\Execution &amp; 3D\DebugDraw</Filter>
    </ClInclude>
    <ClInclude Include="..\xrRender\du_sphere.h">
      <Filter>Refactored\Execution &amp; 3D\DebugDraw</Filter>
    </ClInclude>
    <ClInclude Include="..\xrRender\du_sphere_part.h">
      <Filter>Refactored\Execution &amp; 3D\DebugDraw</Filter>
    </ClInclude>
    <ClInclude Include="..\xrRender\dxParticleCustom.h">
      <Filter>Refactored\Execution &amp; 3D\Visuals</Filter>
    </ClInclude>
    <ClInclude Include="..\xrRender\FBasicVisual.h">
      <Filter>Refactored\Execution &amp; 3D\Visuals</Filter>
    </ClInclude>
    <ClInclude Include="..\xrRender\FHierrarhyVisual.h">
      <Filter>Refactored\Execution &amp; 3D\Visuals</Filter>
    </ClInclude>
    <ClInclude Include="..\..\Include\xrRender\ParticleCustom.h">
      <Filter>Refactored\Execution &amp; 3D\Visuals</Filter>
    </ClInclude>
    <ClInclude Include="..\..\Include\xrRender\RenderVisual.h">
      <Filter>Refactored\Execution &amp; 3D\Visuals</Filter>
    </ClInclude>
    <ClInclude Include="..\xrRender\Animation.h">
      <Filter>Refactored\Execution &amp; 3D\Visuals\Skeleton</Filter>
    </ClInclude>
    <ClInclude Include="..\..\Include\xrRender\Kinematics.h">
      <Filter>Refactored\Execution &amp; 3D\Visuals\Skeleton</Filter>
    </ClInclude>
    <ClInclude Include="..\..\Include\xrRender\KinematicsAnimated.h">
      <Filter>Refactored\Execution &amp; 3D\Visuals\Skeleton</Filter>
    </ClInclude>
    <ClInclude Include="..\xrRender\SkeletonAnimated.h">
      <Filter>Refactored\Execution &amp; 3D\Visuals\Skeleton</Filter>
    </ClInclude>
    <ClInclude Include="..\xrRender\SkeletonCustom.h">
      <Filter>Refactored\Execution &amp; 3D\Visuals\Skeleton</Filter>
    </ClInclude>
    <ClInclude Include="..\xrRender\SkeletonX.h">
      <Filter>Refactored\Execution &amp; 3D\Visuals\Skeleton</Filter>
    </ClInclude>
    <ClInclude Include="..\xrRender\xr_effgamma.h">
      <Filter>Refactored\Execution &amp; 3D\Gamma</Filter>
    </ClInclude>
    <ClInclude Include="..\xrRender\IRenderDetailModel.h">
      <Filter>Refactored\Interfaces</Filter>
    </ClInclude>
    <ClInclude Include="..\..\Include\xrRender\RenderDetailModel.h">
      <Filter>Refactored\Interfaces</Filter>
    </ClInclude>
    <ClInclude Include="..\xrRender\stats_manager.h">
      <Filter>Refactored\stats_manager</Filter>
    </ClInclude>
    <ClInclude Include="..\xrRender\dxRenderFactory.h">
      <Filter>Interfase implementations\RenderFactory</Filter>
    </ClInclude>
    <ClInclude Include="..\..\Include\xrRender\RenderFactory.h">
      <Filter>Interfase implementations\RenderFactory</Filter>
    </ClInclude>
    <ClInclude Include="..\xrRender\dxLensFlareRender.h">
      <Filter>Interfase implementations\LensFlare</Filter>
    </ClInclude>
    <ClInclude Include="..\..\Include\xrRender\LensFlareRender.h">
      <Filter>Interfase implementations\LensFlare</Filter>
    </ClInclude>
    <ClInclude Include="..\..\Include\xrRender\FactoryPtr.h">
      <Filter>Interfase implementations\FactoryPtr</Filter>
    </ClInclude>
    <ClInclude Include="..\..\Include\xrRender\ApplicationRender.h">
      <Filter>Interfase implementations\ApplicationRender</Filter>
    </ClInclude>
    <ClInclude Include="..\xrRender\dxApplicationRender.h">
      <Filter>Interfase implementations\ApplicationRender</Filter>
    </ClInclude>
    <ClInclude Include="..\xrRender\dxRainRender.h">
      <Filter>Interfase implementations\RainRender</Filter>
    </ClInclude>
    <ClInclude Include="..\..\Include\xrRender\RainRender.h">
      <Filter>Interfase implementations\RainRender</Filter>
    </ClInclude>
    <ClInclude Include="..\xrRender\dxThunderboltRender.h">
      <Filter>Interfase implementations\ThunderboltRender</Filter>
    </ClInclude>
    <ClInclude Include="..\..\Include\xrRender\ThunderboltRender.h">
      <Filter>Interfase implementations\ThunderboltRender</Filter>
    </ClInclude>
    <ClInclude Include="..\xrRender\dxEnvironmentRender.h">
      <Filter>Interfase implementations\EnvironmentRender</Filter>
    </ClInclude>
    <ClInclude Include="..\..\Include\xrRender\EnvironmentRender.h">
      <Filter>Interfase implementations\EnvironmentRender</Filter>
    </ClInclude>
    <ClInclude Include="..\xrRender\dxRenderDeviceRender.h">
      <Filter>Interfase implementations\RenderDeviceRender</Filter>
    </ClInclude>
    <ClInclude Include="..\..\Include\xrRender\RenderDeviceRender.h">
      <Filter>Interfase implementations\RenderDeviceRender</Filter>
    </ClInclude>
    <ClInclude Include="..\..\Include\xrRender\ConsoleRender.h">
      <Filter>Interfase implementations\ConsoleRender</Filter>
    </ClInclude>
    <ClInclude Include="..\xrRender\dxConsoleRender.h">
      <Filter>Interfase implementations\ConsoleRender</Filter>
    </ClInclude>
    <ClInclude Include="..\xrRender\dxObjectSpaceRender.h">
      <Filter>Interfase implementations\ObjectSpaceRender</Filter>
    </ClInclude>
    <ClInclude Include="..\..\Include\xrRender\ObjectSpaceRender.h">
      <Filter>Interfase implementations\ObjectSpaceRender</Filter>
    </ClInclude>
    <ClInclude Include="..\xrRender\dxFontRender.h">
      <Filter>Interfase implementations\FontRender</Filter>
    </ClInclude>
    <ClInclude Include="..\..\Include\xrRender\FontRender.h">
      <Filter>Interfase implementations\FontRender</Filter>
    </ClInclude>
    <ClInclude Include="..\xrRender\dxWallMarkArray.h">
      <Filter>Interfase implementations\WallMarkArray</Filter>
    </ClInclude>
    <ClInclude Include="..\..\Include\xrRender\WallMarkArray.h">
      <Filter>Interfase implementations\WallMarkArray</Filter>
    </ClInclude>
    <ClInclude Include="..\xrRender\dxStatGraphRender.h">
      <Filter>Interfase implementations\StatGraphRender</Filter>
    </ClInclude>
    <ClInclude Include="..\..\Include\xrRender\StatGraphRender.h">
      <Filter>Interfase implementations\StatGraphRender</Filter>
    </ClInclude>
    <ClInclude Include="..\xrRender\dxThunderboltDescRender.h">
      <Filter>Interfase implementations\ThunderboltDescRender</Filter>
    </ClInclude>
    <ClInclude Include="..\..\Include\xrRender\ThunderboltDescRender.h">
      <Filter>Interfase implementations\ThunderboltDescRender</Filter>
    </ClInclude>
    <ClInclude Include="..\xrRender\dxStatsRender.h">
      <Filter>Interfase implementations\StatsRender</Filter>
    </ClInclude>
    <ClInclude Include="..\..\Include\xrRender\StatsRender.h">
      <Filter>Interfase implementations\StatsRender</Filter>
    </ClInclude>
    <ClInclude Include="..\..\Include\xrRender\DebugShader.h">
      <Filter>Interfase implementations\Debug</Filter>
    </ClInclude>
    <ClInclude Include="..\..\Include\xrRender\DebugRender.h">
      <Filter>Interfase implementations\Debug\DebugRender</Filter>
    </ClInclude>
    <ClInclude Include="..\xrRender\dxDebugRender.h">
      <Filter>Interfase implementations\Debug\DebugRender</Filter>
    </ClInclude>
    <ClInclude Include="..\xrRender\dxUIRender.h">
      <Filter>Interfase implementations\UI\UIRender</Filter>
    </ClInclude>
    <ClInclude Include="..\..\Include\xrRender\UIRender.h">
      <Filter>Interfase implementations\UI\UIRender</Filter>
    </ClInclude>
    <ClInclude Include="..\xrRender\dxUIShader.h">
      <Filter>Interfase implementations\UI\UIShader</Filter>
    </ClInclude>
    <ClInclude Include="..\..\Include\xrRender\UIShader.h">
      <Filter>Interfase implementations\UI\UIShader</Filter>
    </ClInclude>
    <ClInclude Include="..\xrRender\dxUISequenceVideoItem.h">
      <Filter>Interfase implementations\UI\UISequenceVideoItem</Filter>
    </ClInclude>
    <ClInclude Include="..\..\Include\xrRender\UISequenceVideoItem.h">
      <Filter>Interfase implementations\UI\UISequenceVideoItem</Filter>
    </ClInclude>
    <ClInclude Include="..\xrRenderDX10\MSAA\dx10MSAABlender.h">
      <Filter>Interfase implementations\MSAARender</Filter>
    </ClInclude>
    <ClInclude Include="..\xrRenderDX10\dx10BufferUtils.h">
      <Filter>dx9 to dx10 Utils</Filter>
    </ClInclude>
    <ClInclude Include="..\xrRenderDX10\dx10StateUtils.h">
      <Filter>dx9 to dx10 Utils</Filter>
    </ClInclude>
    <ClInclude Include="..\xrRenderDX10\dx10TextureUtils.h">
      <Filter>dx9 to dx10 Utils</Filter>
    </ClInclude>
    <ClInclude Include="..\xrRenderDX10\StateManager\dx10SamplerStateCache.h">
      <Filter>StateManager</Filter>
    </ClInclude>
    <ClInclude Include="..\xrRenderDX10\StateManager\dx10ShaderResourceStateCache.h">
      <Filter>StateManager</Filter>
    </ClInclude>
    <ClInclude Include="..\xrRenderDX10\StateManager\dx10State.h">
      <Filter>StateManager</Filter>
    </ClInclude>
    <ClInclude Include="..\xrRenderDX10\StateManager\dx10StateCache.h">
      <Filter>StateManager</Filter>
    </ClInclude>
    <ClInclude Include="..\xrRenderDX10\StateManager\dx10StateCacheImpl.h">
      <Filter>StateManager</Filter>
    </ClInclude>
    <ClInclude Include="..\xrRenderDX10\StateManager\dx10StateManager.h">
      <Filter>StateManager</Filter>
    </ClInclude>
    <ClInclude Include="..\xrRender\Utils\dxHashHelper.h">
      <Filter>Utils</Filter>
    </ClInclude>
    <ClInclude Include="..\xrRenderDX10\3DFluid\dx103DFluidData.h">
      <Filter>3DFluid</Filter>
    </ClInclude>
    <ClInclude Include="..\xrRenderDX10\3DFluid\dx103DFluidEmitters.h">
      <Filter>3DFluid</Filter>
    </ClInclude>
    <ClInclude Include="..\xrRenderDX10\3DFluid\dx103DFluidGrid.h">
      <Filter>3DFluid</Filter>
    </ClInclude>
    <ClInclude Include="..\xrRenderDX10\3DFluid\dx103DFluidManager.h">
      <Filter>3DFluid</Filter>
    </ClInclude>
    <ClInclude Include="..\xrRenderDX10\3DFluid\dx103DFluidObstacles.h">
      <Filter>3DFluid</Filter>
    </ClInclude>
    <ClInclude Include="..\xrRenderDX10\3DFluid\dx103DFluidRenderer.h">
      <Filter>3DFluid</Filter>
    </ClInclude>
    <ClInclude Include="..\xrRender\Debug\dxPixEventWrapper.h">
      <Filter>Debug</Filter>
    </ClInclude>
  </ItemGroup>
  <ItemGroup>
    <ClCompile Include="stdafx.cpp">
      <Filter>Kernel</Filter>
    </ClCompile>
    <ClCompile Include="..\xrRender\xrRender_console.cpp">
      <Filter>Kernel</Filter>
    </ClCompile>
    <ClCompile Include="xrRender_R3.cpp">
      <Filter>Kernel</Filter>
    </ClCompile>
    <ClCompile Include="..\xrRenderDX10\dx10Texture.cpp">
      <Filter>Core</Filter>
    </ClCompile>
    <ClCompile Include="..\xrRender\PSLibrary.cpp">
      <Filter>Core</Filter>
    </ClCompile>
    <ClCompile Include="r2_blenders.cpp">
      <Filter>Core</Filter>
    </ClCompile>
    <ClCompile Include="r2_R_calculate.cpp">
      <Filter>Core</Filter>
    </ClCompile>
    <ClCompile Include="r2_R_lights.cpp">
      <Filter>Core</Filter>
    </ClCompile>
    <ClCompile Include="r2_R_sun.cpp">
      <Filter>Core</Filter>
    </ClCompile>
    <ClCompile Include="r2_sector_detect.cpp">
      <Filter>Core</Filter>
    </ClCompile>
    <ClCompile Include="r2_test_hw.cpp">
      <Filter>Core</Filter>
    </ClCompile>
    <ClCompile Include="r3.cpp">
      <Filter>Core</Filter>
    </ClCompile>
    <ClCompile Include="r3_loader.cpp">
      <Filter>Core</Filter>
    </ClCompile>
    <ClCompile Include="r3_R_rain.cpp">
      <Filter>Core</Filter>
    </ClCompile>
    <ClCompile Include="r3_R_render.cpp">
      <Filter>Core</Filter>
    </ClCompile>
    <ClCompile Include="r3_R_sun_support.cpp">
      <Filter>Core</Filter>
    </ClCompile>
    <ClCompile Include="..\xrRender\r__dsgraph_build.cpp">
      <Filter>Core</Filter>
    </ClCompile>
    <ClCompile Include="..\xrRender\r__dsgraph_render.cpp">
      <Filter>Core</Filter>
    </ClCompile>
    <ClCompile Include="..\xrRender\r__dsgraph_render_lods.cpp">
      <Filter>Core</Filter>
    </ClCompile>
    <ClCompile Include="..\xrRender\r__occlusion.cpp">
      <Filter>Core</Filter>
    </ClCompile>
    <ClCompile Include="..\xrRender\r__pixel_calculator.cpp">
      <Filter>Core</Filter>
    </ClCompile>
    <ClCompile Include="..\xrRender\r__screenshot.cpp">
      <Filter>Core</Filter>
    </ClCompile>
    <ClCompile Include="..\xrRender\tga.cpp">
      <Filter>Core</Filter>
    </ClCompile>
    <ClCompile Include="..\xrRender\DetailManager.cpp">
      <Filter>Details</Filter>
    </ClCompile>
    <ClCompile Include="..\xrRender\DetailManager_CACHE.cpp">
      <Filter>Details</Filter>
    </ClCompile>
    <ClCompile Include="..\xrRender\DetailManager_Decompress.cpp">
      <Filter>Details</Filter>
    </ClCompile>
    <ClCompile Include="..\xrRender\DetailManager_soft.cpp">
      <Filter>Details</Filter>
    </ClCompile>
    <ClCompile Include="..\xrRender\DetailManager_VS.cpp">
      <Filter>Details</Filter>
    </ClCompile>
    <ClCompile Include="..\xrRender\DetailModel.cpp">
      <Filter>Details</Filter>
    </ClCompile>
    <ClCompile Include="..\xrRenderDX10\dx10DetailManager_VS.cpp">
      <Filter>Details</Filter>
    </ClCompile>
    <ClCompile Include="..\xrRender\NvTriStrip.cpp">
      <Filter>Stripifier</Filter>
    </ClCompile>
    <ClCompile Include="..\xrRender\NvTriStripObjects.cpp">
      <Filter>Stripifier</Filter>
    </ClCompile>
    <ClCompile Include="..\xrRender\VertexCache.cpp">
      <Filter>Stripifier</Filter>
    </ClCompile>
    <ClCompile Include="..\xrRender\xrStripify.cpp">
      <Filter>Stripifier</Filter>
    </ClCompile>
    <ClCompile Include="..\xrRender\light.cpp">
      <Filter>Lights</Filter>
    </ClCompile>
    <ClCompile Include="..\xrRender\Light_DB.cpp">
      <Filter>Lights</Filter>
    </ClCompile>
    <ClCompile Include="light_GI.cpp">
      <Filter>Lights</Filter>
    </ClCompile>
    <ClCompile Include="..\xrRender\Light_Package.cpp">
      <Filter>Lights</Filter>
    </ClCompile>
    <ClCompile Include="Light_Render_Direct.cpp">
      <Filter>Lights</Filter>
    </ClCompile>
    <ClCompile Include="Light_Render_Direct_ComputeXFS.cpp">
      <Filter>Lights</Filter>
    </ClCompile>
    <ClCompile Include="light_smapvis.cpp">
      <Filter>Lights</Filter>
    </ClCompile>
    <ClCompile Include="light_vis.cpp">
      <Filter>Lights</Filter>
    </ClCompile>
    <ClCompile Include="..\xrRender\LightTrack.cpp">
      <Filter>Lights</Filter>
    </ClCompile>
    <ClCompile Include="..\xrRender\WallmarksEngine.cpp">
      <Filter>Wallmarks</Filter>
    </ClCompile>
    <ClCompile Include="blender_bloom_build.cpp">
      <Filter>Shading templates</Filter>
    </ClCompile>
    <ClCompile Include="..\xrRender\Blender_BmmD.cpp">
      <Filter>Shading templates</Filter>
    </ClCompile>
    <ClCompile Include="blender_combine.cpp">
      <Filter>Shading templates</Filter>
    </ClCompile>
    <ClCompile Include="blender_deffer_aref.cpp">
      <Filter>Shading templates</Filter>
    </ClCompile>
    <ClCompile Include="blender_deffer_flat.cpp">
      <Filter>Shading templates</Filter>
    </ClCompile>
    <ClCompile Include="blender_deffer_model.cpp">
      <Filter>Shading templates</Filter>
    </ClCompile>
    <ClCompile Include="..\xrRender\Blender_Editor_Selection.cpp">
      <Filter>Shading templates</Filter>
    </ClCompile>
    <ClCompile Include="..\xrRender\Blender_Editor_Wire.cpp">
      <Filter>Shading templates</Filter>
    </ClCompile>
    <ClCompile Include="blender_light_direct.cpp">
      <Filter>Shading templates</Filter>
    </ClCompile>
    <ClCompile Include="blender_light_mask.cpp">
      <Filter>Shading templates</Filter>
    </ClCompile>
    <ClCompile Include="blender_light_occq.cpp">
      <Filter>Shading templates</Filter>
    </ClCompile>
    <ClCompile Include="blender_light_point.cpp">
      <Filter>Shading templates</Filter>
    </ClCompile>
    <ClCompile Include="blender_light_reflected.cpp">
      <Filter>Shading templates</Filter>
    </ClCompile>
    <ClCompile Include="blender_light_spot.cpp">
      <Filter>Shading templates</Filter>
    </ClCompile>
    <ClCompile Include="blender_luminance.cpp">
      <Filter>Shading templates</Filter>
    </ClCompile>
    <ClCompile Include="..\xrRender\Blender_Particle.cpp">
      <Filter>Shading templates</Filter>
    </ClCompile>
    <ClCompile Include="blender_ssao.cpp">
      <Filter>Shading templates</Filter>
    </ClCompile>
    <ClCompile Include="dx10MinMaxSMBlender.cpp">
      <Filter>Shading templates</Filter>
    </ClCompile>
    <ClCompile Include="..\xrRender\uber_deffer.cpp">
      <Filter>Shading templates</Filter>
    </ClCompile>
    <ClCompile Include="..\xrRender\Blender_detail_still.cpp">
      <Filter>Shading templates\R1</Filter>
    </ClCompile>
    <ClCompile Include="..\xrRender\Blender_Lm(EbB).cpp">
      <Filter>Shading templates\R1</Filter>
    </ClCompile>
    <ClCompile Include="..\xrRender\Blender_Model_EbB.cpp">
      <Filter>Shading templates\R1</Filter>
    </ClCompile>
    <ClCompile Include="..\xrRender\Blender_Screen_SET.cpp">
      <Filter>Shading templates\R1</Filter>
    </ClCompile>
    <ClCompile Include="..\xrRender\Blender_tree.cpp">
      <Filter>Shading templates\R1</Filter>
    </ClCompile>
    <ClCompile Include="..\xrRenderDX10\3DFluid\dx103DFluidBlenders.cpp">
      <Filter>Shading templates\3dFluid</Filter>
    </ClCompile>
    <ClCompile Include="..\xrRenderDX10\DX10 Rain\dx10RainBlender.cpp">
      <Filter>Shading templates\DX10 Rain</Filter>
    </ClCompile>
    <ClCompile Include="..\xrRender\ModelPool.cpp">
      <Filter>Models</Filter>
    </ClCompile>
    <ClCompile Include="..\xrRenderDX10\3DFluid\dx103DFluidVolume.cpp">
      <Filter>Models\Visuals</Filter>
    </ClCompile>
    <ClCompile Include="..\xrRender\FLOD.cpp">
      <Filter>Models\Visuals</Filter>
    </ClCompile>
    <ClCompile Include="..\xrRender\FProgressive.cpp">
      <Filter>Models\Visuals</Filter>
    </ClCompile>
    <ClCompile Include="..\xrRender\FSkinned.cpp">
      <Filter>Models\Visuals</Filter>
    </ClCompile>
    <ClCompile Include="..\xrRender\FTreeVisual.cpp">
      <Filter>Models\Visuals</Filter>
    </ClCompile>
    <ClCompile Include="..\xrRender\FVisual.cpp">
      <Filter>Models\Visuals</Filter>
    </ClCompile>
    <ClCompile Include="..\xrRender\ParticleEffect.cpp">
      <Filter>Models\Visuals</Filter>
    </ClCompile>
    <ClCompile Include="..\xrRender\ParticleEffectDef.cpp">
      <Filter>Models\Visuals</Filter>
    </ClCompile>
    <ClCompile Include="..\xrRender\ParticleGroup.cpp">
      <Filter>Models\Visuals</Filter>
    </ClCompile>
    <ClCompile Include="..\xrRender\r__sector.cpp">
      <Filter>Visibility\Sector/Portal</Filter>
    </ClCompile>
    <ClCompile Include="..\xrRender\r__sector_traversal.cpp">
      <Filter>Visibility\Sector/Portal</Filter>
    </ClCompile>
    <ClCompile Include="..\xrRender\HOM.cpp">
      <Filter>Visibility\HOM Occlusion</Filter>
    </ClCompile>
    <ClCompile Include="..\xrRender\occRasterizer.cpp">
      <Filter>Visibility\HOM Occlusion</Filter>
    </ClCompile>
    <ClCompile Include="..\xrRender\occRasterizer_core.cpp">
      <Filter>Visibility\HOM Occlusion</Filter>
    </ClCompile>
    <ClCompile Include="r3_rendertarget.cpp">
      <Filter>Core_Target</Filter>
    </ClCompile>
    <ClCompile Include="r3_rendertarget_accum_direct.cpp">
      <Filter>Core_Target</Filter>
    </ClCompile>
    <ClCompile Include="r3_rendertarget_accum_omnipart_geom.cpp">
      <Filter>Core_Target</Filter>
    </ClCompile>
    <ClCompile Include="r3_rendertarget_accum_point.cpp">
      <Filter>Core_Target</Filter>
    </ClCompile>
    <ClCompile Include="r3_rendertarget_accum_point_geom.cpp">
      <Filter>Core_Target</Filter>
    </ClCompile>
    <ClCompile Include="r3_rendertarget_accum_reflected.cpp">
      <Filter>Core_Target</Filter>
    </ClCompile>
    <ClCompile Include="r3_rendertarget_accum_spot.cpp">
      <Filter>Core_Target</Filter>
    </ClCompile>
    <ClCompile Include="r3_rendertarget_accum_spot_geom.cpp">
      <Filter>Core_Target</Filter>
    </ClCompile>
    <ClCompile Include="r3_rendertarget_create_minmaxSM.cpp">
      <Filter>Core_Target</Filter>
    </ClCompile>
    <ClCompile Include="r3_rendertarget_draw_rain.cpp">
      <Filter>Core_Target</Filter>
    </ClCompile>
    <ClCompile Include="r3_rendertarget_draw_volume.cpp">
      <Filter>Core_Target</Filter>
    </ClCompile>
    <ClCompile Include="r3_rendertarget_enable_scissor.cpp">
      <Filter>Core_Target</Filter>
    </ClCompile>
    <ClCompile Include="r3_rendertarget_mark_msaa_edges.cpp">
      <Filter>Core_Target</Filter>
    </ClCompile>
    <ClCompile Include="r3_rendertarget_phase_accumulator.cpp">
      <Filter>Core_Target</Filter>
    </ClCompile>
    <ClCompile Include="r3_rendertarget_phase_bloom.cpp">
      <Filter>Core_Target</Filter>
    </ClCompile>
    <ClCompile Include="r3_rendertarget_phase_combine.cpp">
      <Filter>Core_Target</Filter>
    </ClCompile>
    <ClCompile Include="r3_rendertarget_phase_luminance.cpp">
      <Filter>Core_Target</Filter>
    </ClCompile>
    <ClCompile Include="r3_rendertarget_phase_occq.cpp">
      <Filter>Core_Target</Filter>
    </ClCompile>
    <ClCompile Include="r3_rendertarget_phase_PP.cpp">
      <Filter>Core_Target</Filter>
    </ClCompile>
    <ClCompile Include="r3_rendertarget_phase_rain.cpp">
      <Filter>Core_Target</Filter>
    </ClCompile>
    <ClCompile Include="r3_rendertarget_phase_scene.cpp">
      <Filter>Core_Target</Filter>
    </ClCompile>
    <ClCompile Include="r3_rendertarget_phase_smap_D.cpp">
      <Filter>Core_Target</Filter>
    </ClCompile>
    <ClCompile Include="r3_rendertarget_phase_smap_S.cpp">
      <Filter>Core_Target</Filter>
    </ClCompile>
    <ClCompile Include="r3_rendertarget_phase_ssao.cpp">
      <Filter>Core_Target</Filter>
    </ClCompile>
    <ClCompile Include="..\xrRender\ColorMapManager.cpp">
      <Filter>Core_Target\ColorMap</Filter>
    </ClCompile>
    <ClCompile Include="..\xrRenderDX10\dx10HW.cpp">
      <Filter>Refactored\HW</Filter>
    </ClCompile>
    <ClCompile Include="..\xrRender\HWCaps.cpp">
      <Filter>Refactored\HW</Filter>
    </ClCompile>
    <ClCompile Include="..\xrRender\R_Backend.cpp">
      <Filter>Refactored\Backend</Filter>
    </ClCompile>
    <ClCompile Include="..\xrRender\R_Backend_DBG.cpp">
      <Filter>Refactored\Backend</Filter>
    </ClCompile>
    <ClCompile Include="..\xrRender\R_Backend_hemi.cpp">
      <Filter>Refactored\Backend</Filter>
    </ClCompile>
    <ClCompile Include="..\xrRender\R_Backend_Runtime.cpp">
      <Filter>Refactored\Backend</Filter>
    </ClCompile>
    <ClCompile Include="..\xrRender\R_Backend_tree.cpp">
      <Filter>Refactored\Backend</Filter>
    </ClCompile>
    <ClCompile Include="..\xrRender\R_Backend_xform.cpp">
      <Filter>Refactored\Backend</Filter>
    </ClCompile>
    <ClCompile Include="..\xrRender\R_DStreams.cpp">
      <Filter>Refactored\Backend</Filter>
    </ClCompile>
    <ClCompile Include="..\xrRenderDX10\dx10ConstantBuffer.cpp">
      <Filter>Refactored\Execution &amp; 3D\Shaders\Resources</Filter>
    </ClCompile>
    <ClCompile Include="..\xrRenderDX10\dx10r_constants.cpp">
      <Filter>Refactored\Execution &amp; 3D\Shaders\Resources</Filter>
    </ClCompile>
    <ClCompile Include="..\xrRenderDX10\dx10SH_RT.cpp">
      <Filter>Refactored\Execution &amp; 3D\Shaders\Resources</Filter>
    </ClCompile>
    <ClCompile Include="..\xrRenderDX10\dx10SH_Texture.cpp">
      <Filter>Refactored\Execution &amp; 3D\Shaders\Resources</Filter>
    </ClCompile>
    <ClCompile Include="..\xrRender\r_constants.cpp">
      <Filter>Refactored\Execution &amp; 3D\Shaders\Resources</Filter>
    </ClCompile>
    <ClCompile Include="..\xrRender\SH_Atomic.cpp">
      <Filter>Refactored\Execution &amp; 3D\Shaders\Resources</Filter>
    </ClCompile>
    <ClCompile Include="..\xrRender\SH_Constant.cpp">
      <Filter>Refactored\Execution &amp; 3D\Shaders\Resources</Filter>
    </ClCompile>
    <ClCompile Include="..\xrRender\SH_Matrix.cpp">
      <Filter>Refactored\Execution &amp; 3D\Shaders\Resources</Filter>
    </ClCompile>
    <ClCompile Include="..\xrRender\Shader.cpp">
      <Filter>Refactored\Execution &amp; 3D\Shaders\Resources</Filter>
    </ClCompile>
    <ClCompile Include="..\xrRenderDX10\dx10r_constants_cache.cpp">
      <Filter>Refactored\Execution &amp; 3D\Shaders\Resources\dx10_R_shader</Filter>
    </ClCompile>
    <ClCompile Include="..\..\xrEngine\ai_script_lua_debug.cpp">
      <Filter>Refactored\Execution &amp; 3D\Shaders\ShaderManager</Filter>
    </ClCompile>
    <ClCompile Include="..\..\xrEngine\ai_script_lua_extension.cpp">
      <Filter>Refactored\Execution &amp; 3D\Shaders\ShaderManager</Filter>
    </ClCompile>
    <ClCompile Include="..\xrRenderDX10\dx10ResourceManager_Resources.cpp">
      <Filter>Refactored\Execution &amp; 3D\Shaders\ShaderManager</Filter>
    </ClCompile>
    <ClCompile Include="..\xrRenderDX10\dx10ResourceManager_Scripting.cpp">
      <Filter>Refactored\Execution &amp; 3D\Shaders\ShaderManager</Filter>
    </ClCompile>
    <ClCompile Include="..\xrRender\ETextureParams.cpp">
      <Filter>Refactored\Execution &amp; 3D\Shaders\ShaderManager</Filter>
    </ClCompile>
    <ClCompile Include="..\xrRender\ResourceManager.cpp">
      <Filter>Refactored\Execution &amp; 3D\Shaders\ShaderManager</Filter>
    </ClCompile>
    <ClCompile Include="..\xrRender\ResourceManager_Loader.cpp">
      <Filter>Refactored\Execution &amp; 3D\Shaders\ShaderManager</Filter>
    </ClCompile>
    <ClCompile Include="..\xrRender\ResourceManager_Reset.cpp">
      <Filter>Refactored\Execution &amp; 3D\Shaders\ShaderManager</Filter>
    </ClCompile>
    <ClCompile Include="..\xrRender\TextureDescrManager.cpp">
      <Filter>Refactored\Execution &amp; 3D\Shaders\ShaderManager</Filter>
    </ClCompile>
    <ClCompile Include="..\xrRender\blenders\Blender.cpp">
      <Filter>Refactored\Execution &amp; 3D\Shaders\Blender</Filter>
    </ClCompile>
    <ClCompile Include="..\xrRender\blenders\Blender_Palette.cpp">
      <Filter>Refactored\Execution &amp; 3D\Shaders\Blender</Filter>
    </ClCompile>
    <ClCompile Include="..\xrRender\blenders\Blender_Recorder.cpp">
      <Filter>Refactored\Execution &amp; 3D\Shaders\Blender</Filter>
    </ClCompile>
    <ClCompile Include="..\xrRender\Blender_Recorder_R2.cpp">
      <Filter>Refactored\Execution &amp; 3D\Shaders\Blender</Filter>
    </ClCompile>
    <ClCompile Include="..\xrRenderDX10\Blender_Recorder_R3.cpp">
      <Filter>Refactored\Execution &amp; 3D\Shaders\Blender</Filter>
    </ClCompile>
    <ClCompile Include="..\xrRender\Blender_Recorder_StandartBinding.cpp">
      <Filter>Refactored\Execution &amp; 3D\Shaders\Blender</Filter>
    </ClCompile>
    <ClCompile Include="..\xrRender\tss_def.cpp">
      <Filter>Refactored\Execution &amp; 3D\Shaders\Blender</Filter>
    </ClCompile>
    <ClCompile Include="..\xrRender\D3DUtils.cpp">
      <Filter>Refactored\Execution &amp; 3D\DebugDraw</Filter>
    </ClCompile>
    <ClCompile Include="..\xrRender\du_box.cpp">
      <Filter>Refactored\Execution &amp; 3D\DebugDraw</Filter>
    </ClCompile>
    <ClCompile Include="..\xrRender\du_cone.cpp">
      <Filter>Refactored\Execution &amp; 3D\DebugDraw</Filter>
    </ClCompile>
    <ClCompile Include="..\xrRender\du_cylinder.cpp">
      <Filter>Refactored\Execution &amp; 3D\DebugDraw</Filter>
    </ClCompile>
    <ClCompile Include="..\xrRender\du_sphere.cpp">
      <Filter>Refactored\Execution &amp; 3D\DebugDraw</Filter>
    </ClCompile>
    <ClCompile Include="..\xrRender\du_sphere_part.cpp">
      <Filter>Refactored\Execution &amp; 3D\DebugDraw</Filter>
    </ClCompile>
    <ClCompile Include="..\xrRender\dxParticleCustom.cpp">
      <Filter>Refactored\Execution &amp; 3D\Visuals</Filter>
    </ClCompile>
    <ClCompile Include="..\xrRender\FBasicVisual.cpp">
      <Filter>Refactored\Execution &amp; 3D\Visuals</Filter>
    </ClCompile>
    <ClCompile Include="..\xrRender\FHierrarhyVisual.cpp">
      <Filter>Refactored\Execution &amp; 3D\Visuals</Filter>
    </ClCompile>
    <ClCompile Include="..\xrRender\Animation.cpp">
      <Filter>Refactored\Execution &amp; 3D\Visuals\Skeleton</Filter>
    </ClCompile>
    <ClCompile Include="..\xrRender\SkeletonAnimated.cpp">
      <Filter>Refactored\Execution &amp; 3D\Visuals\Skeleton</Filter>
    </ClCompile>
    <ClCompile Include="..\xrRender\SkeletonCustom.cpp">
      <Filter>Refactored\Execution &amp; 3D\Visuals\Skeleton</Filter>
    </ClCompile>
    <ClCompile Include="..\xrRender\SkeletonRigid.cpp">
      <Filter>Refactored\Execution &amp; 3D\Visuals\Skeleton</Filter>
    </ClCompile>
    <ClCompile Include="..\xrRender\SkeletonX.cpp">
      <Filter>Refactored\Execution &amp; 3D\Visuals\Skeleton</Filter>
    </ClCompile>
    <ClCompile Include="..\xrRender\xr_effgamma.cpp">
      <Filter>Refactored\Execution &amp; 3D\Gamma</Filter>
    </ClCompile>
    <ClCompile Include="..\xrRender\stats_manager.cpp">
      <Filter>Refactored\stats_manager</Filter>
    </ClCompile>
    <ClCompile Include="..\xrRender\dxRenderFactory.cpp">
      <Filter>Interfase implementations\RenderFactory</Filter>
    </ClCompile>
    <ClCompile Include="..\xrRender\dxLensFlareRender.cpp">
      <Filter>Interfase implementations\LensFlare</Filter>
    </ClCompile>
    <ClCompile Include="..\xrRender\dxApplicationRender.cpp">
      <Filter>Interfase implementations\ApplicationRender</Filter>
    </ClCompile>
    <ClCompile Include="..\xrRender\dxRainRender.cpp">
      <Filter>Interfase implementations\RainRender</Filter>
    </ClCompile>
    <ClCompile Include="..\xrRender\dxThunderboltRender.cpp">
      <Filter>Interfase implementations\ThunderboltRender</Filter>
    </ClCompile>
    <ClCompile Include="..\xrRender\dxEnvironmentRender.cpp">
      <Filter>Interfase implementations\EnvironmentRender</Filter>
    </ClCompile>
    <ClCompile Include="..\xrRender\dxRenderDeviceRender.cpp">
      <Filter>Interfase implementations\RenderDeviceRender</Filter>
    </ClCompile>
    <ClCompile Include="..\xrRender\dxConsoleRender.cpp">
      <Filter>Interfase implementations\ConsoleRender</Filter>
    </ClCompile>
    <ClCompile Include="..\xrRender\dxObjectSpaceRender.cpp">
      <Filter>Interfase implementations\ObjectSpaceRender</Filter>
    </ClCompile>
    <ClCompile Include="..\xrRender\dxFontRender.cpp">
      <Filter>Interfase implementations\FontRender</Filter>
    </ClCompile>
    <ClCompile Include="..\xrRender\dxWallMarkArray.cpp">
      <Filter>Interfase implementations\WallMarkArray</Filter>
    </ClCompile>
    <ClCompile Include="..\xrRender\dxStatGraphRender.cpp">
      <Filter>Interfase implementations\StatGraphRender</Filter>
    </ClCompile>
    <ClCompile Include="..\xrRender\dxThunderboltDescRender.cpp">
      <Filter>Interfase implementations\ThunderboltDescRender</Filter>
    </ClCompile>
    <ClCompile Include="..\xrRender\dxStatsRender.cpp">
      <Filter>Interfase implementations\StatsRender</Filter>
    </ClCompile>
    <ClCompile Include="..\xrRender\dxDebugRender.cpp">
      <Filter>Interfase implementations\Debug\DebugRender</Filter>
    </ClCompile>
    <ClCompile Include="..\xrRender\dxUIRender.cpp">
      <Filter>Interfase implementations\UI\UIRender</Filter>
    </ClCompile>
    <ClCompile Include="..\xrRender\dxUIShader.cpp">
      <Filter>Interfase implementations\UI\UIShader</Filter>
    </ClCompile>
    <ClCompile Include="..\xrRender\dxUISequenceVideoItem.cpp">
      <Filter>Interfase implementations\UI\UISequenceVideoItem</Filter>
    </ClCompile>
    <ClCompile Include="..\xrRenderDX10\MSAA\dx10MSAABlender.cpp">
      <Filter>Interfase implementations\MSAARender</Filter>
    </ClCompile>
    <ClCompile Include="..\xrRenderDX10\dx10BufferUtils.cpp">
      <Filter>dx9 to dx10 Utils</Filter>
    </ClCompile>
    <ClCompile Include="..\xrRenderDX10\dx10StateUtils.cpp">
      <Filter>dx9 to dx10 Utils</Filter>
    </ClCompile>
    <ClCompile Include="..\xrRenderDX10\dx10TextureUtils.cpp">
      <Filter>dx9 to dx10 Utils</Filter>
    </ClCompile>
    <ClCompile Include="..\xrRenderDX10\StateManager\dx10SamplerStateCache.cpp">
      <Filter>StateManager</Filter>
    </ClCompile>
    <ClCompile Include="..\xrRenderDX10\StateManager\dx10ShaderResourceStateCache.cpp">
      <Filter>StateManager</Filter>
    </ClCompile>
    <ClCompile Include="..\xrRenderDX10\StateManager\dx10State.cpp">
      <Filter>StateManager</Filter>
    </ClCompile>
    <ClCompile Include="..\xrRenderDX10\StateManager\dx10StateCache.cpp">
      <Filter>StateManager</Filter>
    </ClCompile>
    <ClCompile Include="..\xrRenderDX10\StateManager\dx10StateManager.cpp">
      <Filter>StateManager</Filter>
    </ClCompile>
    <ClCompile Include="..\xrRender\Utils\dxHashHelper.cpp">
      <Filter>Utils</Filter>
    </ClCompile>
    <ClCompile Include="..\xrRenderDX10\3DFluid\dx103DFluidData.cpp">
      <Filter>3DFluid</Filter>
    </ClCompile>
    <ClCompile Include="..\xrRenderDX10\3DFluid\dx103DFluidEmitters.cpp">
      <Filter>3DFluid</Filter>
    </ClCompile>
    <ClCompile Include="..\xrRenderDX10\3DFluid\dx103DFluidGrid.cpp">
      <Filter>3DFluid</Filter>
    </ClCompile>
    <ClCompile Include="..\xrRenderDX10\3DFluid\dx103DFluidManager.cpp">
      <Filter>3DFluid</Filter>
    </ClCompile>
    <ClCompile Include="..\xrRenderDX10\3DFluid\dx103DFluidObstacles.cpp">
      <Filter>3DFluid</Filter>
    </ClCompile>
    <ClCompile Include="..\xrRenderDX10\3DFluid\dx103DFluidRenderer.cpp">
      <Filter>3DFluid</Filter>
    </ClCompile>
    <ClCompile Include="..\xrRender\Debug\dxPixEventWrapper.cpp">
      <Filter>Debug</Filter>
    </ClCompile>
  </ItemGroup>
  <ItemGroup>
    <Text Include="todo.txt" />
  </ItemGroup>
  <ItemGroup>
    <None Include="VTune\xrRender_R3.vpj" />
  </ItemGroup>
</Project>