<?xml version="1.0" encoding="utf-8"?>
<Project ToolsVersion="4.0" xmlns="http://schemas.microsoft.com/developer/msbuild/2003">
  <ItemGroup>
    <Filter Include="src">
      <UniqueIdentifier>{4FC737F1-C7A5-4376-A066-2A32D752A2FF}</UniqueIdentifier>
      <Extensions>cpp;c;cc;cxx;def;odl;idl;hpj;bat;asm;asmx</Extensions>
    </Filter>
    <Filter Include="include">
      <UniqueIdentifier>{93995380-89BD-4b04-88EB-625FBE52EBFB}</UniqueIdentifier>
      <Extensions>h;hh;hpp;hxx;hm;inl;inc;xsd</Extensions>
    </Filter>
    <Filter Include="include\detail">
      <UniqueIdentifier>{a6f08061-fd86-4649-9831-9bb2ff499d2d}</UniqueIdentifier>
    </Filter>
    <Filter Include="include\detail\conversion_policies">
      <UniqueIdentifier>{ce13eabc-e9e5-4216-9f12-dc1cb0834dfe}</UniqueIdentifier>
    </Filter>
  </ItemGroup>
  <ItemGroup>
    <ClCompile Include="luabind\src\class.cpp">
      <Filter>src</Filter>
    </ClCompile>
    <ClCompile Include="luabind\src\class_info.cpp">
      <Filter>src</Filter>
    </ClCompile>
    <ClCompile Include="luabind\src\class_registry.cpp">
      <Filter>src</Filter>
    </ClCompile>
    <ClCompile Include="luabind\src\class_rep.cpp">
      <Filter>src</Filter>
    </ClCompile>
    <ClCompile Include="luabind\src\create_class.cpp">
      <Filter>src</Filter>
    </ClCompile>
    <ClCompile Include="luabind\src\error.cpp">
      <Filter>src</Filter>
    </ClCompile>
    <ClCompile Include="luabind\src\exception_handler.cpp">
      <Filter>src</Filter>
    </ClCompile>
    <ClCompile Include="luabind\src\function.cpp">
      <Filter>src</Filter>
    </ClCompile>
    <ClCompile Include="luabind\src\function_introspection.cpp">
      <Filter>src</Filter>
    </ClCompile>
    <ClCompile Include="luabind\src\headertest.cpp">
      <Filter>src</Filter>
    </ClCompile>
    <ClCompile Include="luabind\src\inheritance.cpp">
      <Filter>src</Filter>
    </ClCompile>
    <ClCompile Include="luabind\src\link_compatibility.cpp">
      <Filter>src</Filter>
    </ClCompile>
    <ClCompile Include="luabind\src\object_rep.cpp">
      <Filter>src</Filter>
    </ClCompile>
    <ClCompile Include="luabind\src\open.cpp">
      <Filter>src</Filter>
    </ClCompile>
    <ClCompile Include="luabind\src\operator.cpp">
      <Filter>src</Filter>
    </ClCompile>
    <ClCompile Include="luabind\src\pcall.cpp">
      <Filter>src</Filter>
    </ClCompile>
    <ClCompile Include="luabind\src\scope.cpp">
      <Filter>src</Filter>
    </ClCompile>
    <ClCompile Include="luabind\src\set_package_preload.cpp">
      <Filter>src</Filter>
    </ClCompile>
    <ClCompile Include="luabind\src\stack_content_by_name.cpp">
      <Filter>src</Filter>
    </ClCompile>
    <ClCompile Include="luabind\src\weak_ref.cpp">
      <Filter>src</Filter>
    </ClCompile>
    <ClCompile Include="luabind\src\wrapper_base.cpp">
      <Filter>src</Filter>
    </ClCompile>
    <ClCompile Include="luabind\src\memory.cpp">
      <Filter>src</Filter>
    </ClCompile>
  </ItemGroup>
  <ItemGroup>
    <ClInclude Include="..\..\SDK\include\luabind\wrapper_base.hpp">
      <Filter>include</Filter>
    </ClInclude>
    <ClInclude Include="..\..\SDK\include\luabind\yield_policy.hpp">
      <Filter>include</Filter>
    </ClInclude>
    <ClInclude Include="..\..\SDK\include\luabind\version.hpp">
      <Filter>include</Filter>
    </ClInclude>
    <ClInclude Include="..\..\SDK\include\luabind\weak_ref.hpp">
      <Filter>include</Filter>
    </ClInclude>
    <ClInclude Include="..\..\SDK\include\luabind\types.hpp">
      <Filter>include</Filter>
    </ClInclude>
    <ClInclude Include="..\..\SDK\include\luabind\shared_ptr_converter.hpp">
      <Filter>include</Filter>
    </ClInclude>
    <ClInclude Include="..\..\SDK\include\luabind\typeid.hpp">
      <Filter>include</Filter>
    </ClInclude>
    <ClInclude Include="..\..\SDK\include\luabind\scope.hpp">
      <Filter>include</Filter>
    </ClInclude>
    <ClInclude Include="..\..\SDK\include\luabind\set_package_preload.hpp">
      <Filter>include</Filter>
    </ClInclude>
    <ClInclude Include="..\..\SDK\include\luabind\return_reference_to_policy.hpp">
      <Filter>include</Filter>
    </ClInclude>
    <ClInclude Include="..\..\SDK\include\luabind\raw_policy.hpp">
      <Filter>include</Filter>
    </ClInclude>
    <ClInclude Include="..\..\SDK\include\luabind\prefix.hpp">
      <Filter>include</Filter>
    </ClInclude>
    <ClInclude Include="..\..\SDK\include\luabind\pointer_traits.hpp">
      <Filter>include</Filter>
    </ClInclude>
    <ClInclude Include="..\..\SDK\include\luabind\out_value_policy.hpp">
      <Filter>include</Filter>
    </ClInclude>
    <ClInclude Include="..\..\SDK\include\luabind\open.hpp">
      <Filter>include</Filter>
    </ClInclude>
    <ClInclude Include="..\..\SDK\include\luabind\operator.hpp">
      <Filter>include</Filter>
    </ClInclude>
    <ClInclude Include="..\..\SDK\include\luabind\object.hpp">
      <Filter>include</Filter>
    </ClInclude>
    <ClInclude Include="..\..\SDK\include\luabind\nil.hpp">
      <Filter>include</Filter>
    </ClInclude>
    <ClInclude Include="..\..\SDK\include\luabind\no_dependency.hpp">
      <Filter>include</Filter>
    </ClInclude>
    <ClInclude Include="..\..\SDK\include\luabind\memory.hpp">
      <Filter>include</Filter>
    </ClInclude>
    <ClInclude Include="..\..\SDK\include\luabind\memory_allocator.hpp">
      <Filter>include</Filter>
    </ClInclude>
    <ClInclude Include="..\..\SDK\include\luabind\make_function.hpp">
      <Filter>include</Filter>
    </ClInclude>
    <ClInclude Include="..\..\SDK\include\luabind\luabind.hpp">
      <Filter>include</Filter>
    </ClInclude>
    <ClInclude Include="..\..\SDK\include\luabind\lua_state_fwd.hpp">
      <Filter>include</Filter>
    </ClInclude>
    <ClInclude Include="..\..\SDK\include\luabind\lua_proxy_interface.hpp">
      <Filter>include</Filter>
    </ClInclude>
    <ClInclude Include="..\..\SDK\include\luabind\lua_proxy.hpp">
      <Filter>include</Filter>
    </ClInclude>
    <ClInclude Include="..\..\SDK\include\luabind\lua_index_proxy.hpp">
      <Filter>include</Filter>
    </ClInclude>
    <ClInclude Include="..\..\SDK\include\luabind\lua_iterator_proxy.hpp">
      <Filter>include</Filter>
    </ClInclude>
    <ClInclude Include="..\..\SDK\include\luabind\lua_include.hpp">
      <Filter>include</Filter>
    </ClInclude>
    <ClInclude Include="..\..\SDK\include\luabind\lua_argument_proxy.hpp">
      <Filter>include</Filter>
    </ClInclude>
    <ClInclude Include="..\..\SDK\include\luabind\lua_extensions.hpp">
      <Filter>include</Filter>
    </ClInclude>
    <ClInclude Include="..\..\SDK\include\luabind\handle.hpp">
      <Filter>include</Filter>
    </ClInclude>
    <ClInclude Include="..\..\SDK\include\luabind\iterator_policy.hpp">
      <Filter>include</Filter>
    </ClInclude>
    <ClInclude Include="..\..\SDK\include\luabind\get_main_thread.hpp">
      <Filter>include</Filter>
    </ClInclude>
    <ClInclude Include="..\..\SDK\include\luabind\function_introspection.hpp">
      <Filter>include</Filter>
    </ClInclude>
    <ClInclude Include="..\..\SDK\include\luabind\function.hpp">
      <Filter>include</Filter>
    </ClInclude>
    <ClInclude Include="..\..\SDK\include\luabind\from_stack.hpp">
      <Filter>include</Filter>
    </ClInclude>
    <ClInclude Include="..\..\SDK\include\luabind\exception_handler.hpp">
      <Filter>include</Filter>
    </ClInclude>
    <ClInclude Include="..\..\SDK\include\luabind\error_callback_fun.hpp">
      <Filter>include</Filter>
    </ClInclude>
    <ClInclude Include="..\..\SDK\include\luabind\error.hpp">
      <Filter>include</Filter>
    </ClInclude>
    <ClInclude Include="..\..\SDK\include\luabind\discard_result_policy.hpp">
      <Filter>include</Filter>
    </ClInclude>
    <ClInclude Include="..\..\SDK\include\luabind\copy_policy.hpp">
      <Filter>include</Filter>
    </ClInclude>
    <ClInclude Include="..\..\SDK\include\luabind\dependency_policy.hpp">
      <Filter>include</Filter>
    </ClInclude>
    <ClInclude Include="..\..\SDK\include\luabind\config.hpp">
      <Filter>include</Filter>
    </ClInclude>
    <ClInclude Include="..\..\SDK\include\luabind\container_policy.hpp">
      <Filter>include</Filter>
    </ClInclude>
    <ClInclude Include="..\..\SDK\include\luabind\class_info.hpp">
      <Filter>include</Filter>
    </ClInclude>
    <ClInclude Include="..\..\SDK\include\luabind\class.hpp">
      <Filter>include</Filter>
    </ClInclude>
    <ClInclude Include="..\..\SDK\include\luabind\back_reference_fwd.hpp">
      <Filter>include</Filter>
    </ClInclude>
    <ClInclude Include="..\..\SDK\include\luabind\back_reference.hpp">
      <Filter>include</Filter>
    </ClInclude>
    <ClInclude Include="..\..\SDK\include\luabind\adopt_policy.hpp">
      <Filter>include</Filter>
    </ClInclude>
    <ClInclude Include="..\..\SDK\include\luabind\detail\call_function.hpp">
      <Filter>include\detail</Filter>
    </ClInclude>
    <ClInclude Include="..\..\SDK\include\luabind\detail\type_traits.hpp">
      <Filter>include\detail</Filter>
    </ClInclude>
    <ClInclude Include="..\..\SDK\include\luabind\detail\stack_utils.hpp">
      <Filter>include\detail</Filter>
    </ClInclude>
    <ClInclude Include="..\..\SDK\include\luabind\detail\signature_match.hpp">
      <Filter>include\detail</Filter>
    </ClInclude>
    <ClInclude Include="..\..\SDK\include\luabind\detail\ref.hpp">
      <Filter>include\detail</Filter>
    </ClInclude>
    <ClInclude Include="..\..\SDK\include\luabind\detail\push_to_lua.hpp">
      <Filter>include\detail</Filter>
    </ClInclude>
    <ClInclude Include="..\..\SDK\include\luabind\detail\property.hpp">
      <Filter>include\detail</Filter>
    </ClInclude>
    <ClInclude Include="..\..\SDK\include\luabind\detail\primitives.hpp">
      <Filter>include\detail</Filter>
    </ClInclude>
    <ClInclude Include="..\..\SDK\include\luabind\detail\policy.hpp">
      <Filter>include\detail</Filter>
    </ClInclude>
    <ClInclude Include="..\..\SDK\include\luabind\detail\pcall.hpp">
      <Filter>include\detail</Filter>
    </ClInclude>
    <ClInclude Include="..\..\SDK\include\luabind\detail\operator_id.hpp">
      <Filter>include\detail</Filter>
    </ClInclude>
    <ClInclude Include="..\..\SDK\include\luabind\detail\other.hpp">
      <Filter>include\detail</Filter>
    </ClInclude>
    <ClInclude Include="..\..\SDK\include\luabind\detail\object_rep.hpp">
      <Filter>include\detail</Filter>
    </ClInclude>
    <ClInclude Include="..\..\SDK\include\luabind\detail\open.hpp">
      <Filter>include\detail</Filter>
    </ClInclude>
    <ClInclude Include="..\..\SDK\include\luabind\detail\object.hpp">
      <Filter>include\detail</Filter>
    </ClInclude>
    <ClInclude Include="..\..\SDK\include\luabind\detail\meta.hpp">
      <Filter>include\detail</Filter>
    </ClInclude>
    <ClInclude Include="..\..\SDK\include\luabind\detail\make_instance.hpp">
      <Filter>include\detail</Filter>
    </ClInclude>
    <ClInclude Include="..\..\SDK\include\luabind\detail\link_compatibility.hpp">
      <Filter>include\detail</Filter>
    </ClInclude>
    <ClInclude Include="..\..\SDK\include\luabind\detail\instance_holder.hpp">
      <Filter>include\detail</Filter>
    </ClInclude>
    <ClInclude Include="..\..\SDK\include\luabind\detail\garbage_collector.hpp">
      <Filter>include\detail</Filter>
    </ClInclude>
    <ClInclude Include="..\..\SDK\include\luabind\detail\inheritance.hpp">
      <Filter>include\detail</Filter>
    </ClInclude>
    <ClInclude Include="..\..\SDK\include\luabind\detail\format_signature.hpp">
      <Filter>include\detail</Filter>
    </ClInclude>
    <ClInclude Include="..\..\SDK\include\luabind\detail\enum_maker.hpp">
      <Filter>include\detail</Filter>
    </ClInclude>
    <ClInclude Include="..\..\SDK\include\luabind\detail\deduce_signature.hpp">
      <Filter>include\detail</Filter>
    </ClInclude>
    <ClInclude Include="..\..\SDK\include\luabind\detail\decorate_type.hpp">
      <Filter>include\detail</Filter>
    </ClInclude>
    <ClInclude Include="..\..\SDK\include\luabind\detail\debug.hpp">
      <Filter>include\detail</Filter>
    </ClInclude>
    <ClInclude Include="..\..\SDK\include\luabind\detail\crtp_iterator.hpp">
      <Filter>include\detail</Filter>
    </ClInclude>
    <ClInclude Include="..\..\SDK\include\luabind\detail\conversion_storage.hpp">
      <Filter>include\detail</Filter>
    </ClInclude>
    <ClInclude Include="..\..\SDK\include\luabind\detail\class_rep.hpp">
      <Filter>include\detail</Filter>
    </ClInclude>
    <ClInclude Include="..\..\SDK\include\luabind\detail\constructor.hpp">
      <Filter>include\detail</Filter>
    </ClInclude>
    <ClInclude Include="..\..\SDK\include\luabind\detail\class_registry.hpp">
      <Filter>include\detail</Filter>
    </ClInclude>
    <ClInclude Include="..\..\SDK\include\luabind\detail\call_traits.hpp">
      <Filter>include\detail</Filter>
    </ClInclude>
    <ClInclude Include="..\..\SDK\include\luabind\detail\call_member.hpp">
      <Filter>include\detail</Filter>
    </ClInclude>
    <ClInclude Include="..\..\SDK\include\luabind\detail\call_shared.hpp">
      <Filter>include\detail</Filter>
    </ClInclude>
    <ClInclude Include="..\..\SDK\include\luabind\detail\call.hpp">
      <Filter>include\detail</Filter>
    </ClInclude>
    <ClInclude Include="..\..\SDK\include\luabind\detail\conversion_policies\value_converter.hpp">
      <Filter>include\detail\conversion_policies</Filter>
    </ClInclude>
    <ClInclude Include="..\..\SDK\include\luabind\detail\conversion_policies\reference_converter.hpp">
      <Filter>include\detail\conversion_policies</Filter>
    </ClInclude>
    <ClInclude Include="..\..\SDK\include\luabind\detail\conversion_policies\pointer_converter.hpp">
      <Filter>include\detail\conversion_policies</Filter>
    </ClInclude>
    <ClInclude Include="..\..\SDK\include\luabind\detail\conversion_policies\native_converter.hpp">
      <Filter>include\detail\conversion_policies</Filter>
    </ClInclude>
    <ClInclude Include="..\..\SDK\include\luabind\detail\conversion_policies\function_converter.hpp">
      <Filter>include\detail\conversion_policies</Filter>
    </ClInclude>
    <ClInclude Include="..\..\SDK\include\luabind\detail\conversion_policies\lua_proxy_converter.hpp">
      <Filter>include\detail\conversion_policies</Filter>
    </ClInclude>
    <ClInclude Include="..\..\SDK\include\luabind\detail\conversion_policies\conversion_policies.hpp">
      <Filter>include\detail\conversion_policies</Filter>
    </ClInclude>
    <ClInclude Include="..\..\SDK\include\luabind\detail\conversion_policies\enum_converter.hpp">
      <Filter>include\detail\conversion_policies</Filter>
    </ClInclude>
    <ClInclude Include="..\..\SDK\include\luabind\detail\conversion_policies\conversion_base.hpp">
      <Filter>include\detail\conversion_policies</Filter>
    </ClInclude>
    <ClInclude Include="..\..\SDK\include\luabind\functor.hpp">
      <Filter>include</Filter>
    </ClInclude>
  </ItemGroup>
  <ItemGroup>
    <Text Include="..\..\SDK\include\luabind\CMakeLists.txt">
      <Filter>include</Filter>
    </Text>
  </ItemGroup>
</Project>