<?xml version="1.0" encoding="utf-8"?>
<Project ToolsVersion="4.0" xmlns="http://schemas.microsoft.com/developer/msbuild/2003">
  <ItemGroup>
    <Filter Include="Source Files">
      <UniqueIdentifier>{52faf99e-4863-453c-b7c8-29c83fac0f34}</UniqueIdentifier>
      <Extensions>cpp;c;cxx;rc;def;r;odl;idl;hpj;bat</Extensions>
    </Filter>
    <Filter Include="Header Files">
      <UniqueIdentifier>{a077e563-332f-4e67-a7d5-cd69d8aa2b7e}</UniqueIdentifier>
      <Extensions>h;hpp;hxx;hm;inl</Extensions>
    </Filter>
  </ItemGroup>
  <ItemGroup>
    <ClCompile Include="Server\servdesc.c">
      <Filter>Source Files</Filter>
    </ClCompile>
    <ClCompile Include="Server\servmain.c">
      <Filter>Source Files</Filter>
    </ClCompile>
    <ClCompile Include="Server\shutdown.c">
      <Filter>Source Files</Filter>
    </ClCompile>
    <ClCompile Include="Server\startup.c">
      <Filter>Source Files</Filter>
    </ClCompile>
    <ClCompile Include="Server\username.c">
      <Filter>Source Files</Filter>
    </ClCompile>
  </ItemGroup>
</Project>